
Microsoft Visual Studio Solution File, Format Version 12.00
# Visual Studio Version 16
VisualStudioVersion = 16.0.30204.135
MinimumVisualStudioVersion = 10.0.40219.1
Project("{9A19103F-16F7-4668-BE54-9A1E7A4F7556}") = "Listing1.1", "Listing1.1\Listing1.1.csproj", "{1F3547FE-AE6B-4F77-AA1E-B3AAC485459E}"
EndProject
Project("{9A19103F-16F7-4668-BE54-9A1E7A4F7556}") = "Listing1.2", "Listing1.2\Listing1.2.csproj", "{13CB146C-92DA-4FF2-8297-01E8C3DFD546}"
EndProject
Project("{9A19103F-16F7-4668-BE54-9A1E7A4F7556}") = "Listing1.3", "Listing1.3\Listing1.3.csproj", "{2474C62D-AD89-4CD4-9F57-C6824F713422}"
EndProject
Project("{9A19103F-16F7-4668-BE54-9A1E7A4F7556}") = "Listing1.4", "Listing1.4\Listing1.4.csproj", "{DCC722D1-FD12-4763-92FA-7897C5B50499}"
EndProject
Project("{9A19103F-16F7-4668-BE54-9A1E7A4F7556}") = "Listing1.5", "LISTING_1_5_A_parallel_LINQ_query\Listing1.5.csproj", "{C6A83C32-6C7D-4EC5-87C2-E649E87CA4CA}"
EndProject
Project("{9A19103F-16F7-4668-BE54-9A1E7A4F7556}") = "Listing1.6", "Listing1.6\Listing1.6.csproj", "{10F87E47-0B77-4B86-8C8D-5355363E6188}"
EndProject
Project("{9A19103F-16F7-4668-BE54-9A1E7A4F7556}") = "Listing1.7", "Listing1.7\Listing1.7.csproj", "{B1E4ACD7-61B4-4341-9659-D9E1BD3C427C}"
EndProject
Project("{9A19103F-16F7-4668-BE54-9A1E7A4F7556}") = "Listing1.8", "Listing1.8\Listing1.8.csproj", "{0473A44C-9989-47E4-A7B2-F2D6F9A9DC38}"
EndProject
Project("{9A19103F-16F7-4668-BE54-9A1E7A4F7556}") = "Listing1.9", "Listing1.9\Listing1.9.csproj", "{6DE66B1B-53CC-4708-818D-E39699AB0225}"
EndProject
Project("{9A19103F-16F7-4668-BE54-9A1E7A4F7556}") = "Listing1.10", "Listing1.10\Listing1.10.csproj", "{E32F2AEB-14D5-4F3A-BC0E-8B5B4E467725}"
EndProject
Project("{FAE04EC0-301F-11D3-BF4B-00C04F79EFBC}") = "Listing1.11", "Listing1.11\Listing1.11.csproj", "{1DFAD835-B855-412E-9A10-153451557F8F}"
EndProject
Project("{FAE04EC0-301F-11D3-BF4B-00C04F79EFBC}") = "Listing1.12", "Listing1.12\Listing1.12.csproj", "{538F65A6-2CAE-44B7-9C87-3C857623BBDD}"
EndProject
Project("{FAE04EC0-301F-11D3-BF4B-00C04F79EFBC}") = "Listing1.13", "Listing1.13\Listing1.13.csproj", "{1FC4715D-2000-47A6-AD82-CEDAAC264660}"
EndProject
Project("{FAE04EC0-301F-11D3-BF4B-00C04F79EFBC}") = "Listing1.14", "Listing1.14\Listing1.14.csproj", "{76025157-AB3A-4823-AA93-5A9CFF4C52AB}"
EndProject
Project("{FAE04EC0-301F-11D3-BF4B-00C04F79EFBC}") = "Listing1.15", "Listing1.15\Listing1.15.csproj", "{32B17A7D-999C-4EB4-A462-32355F9B707E}"
EndProject
Project("{FAE04EC0-301F-11D3-BF4B-00C04F79EFBC}") = "Listing1.16", "Listing1.16\Listing1.16.csproj", "{BC22FD53-37C6-4440-A456-4F7F38579991}"
EndProject
Project("{FAE04EC0-301F-11D3-BF4B-00C04F79EFBC}") = "Listing1.17", "Listing1.17\Listing1.17.csproj", "{78D96E31-5955-4CF6-8044-F77E42CD9AF7}"
EndProject
Global
	GlobalSection(SolutionConfigurationPlatforms) = preSolution
		Debug|Any CPU = Debug|Any CPU
		Release|Any CPU = Release|Any CPU
	EndGlobalSection
	GlobalSection(ProjectConfigurationPlatforms) = postSolution
		{1F3547FE-AE6B-4F77-AA1E-B3AAC485459E}.Debug|Any CPU.ActiveCfg = Debug|Any CPU
		{1F3547FE-AE6B-4F77-AA1E-B3AAC485459E}.Debug|Any CPU.Build.0 = Debug|Any CPU
		{1F3547FE-AE6B-4F77-AA1E-B3AAC485459E}.Release|Any CPU.ActiveCfg = Release|Any CPU
		{1F3547FE-AE6B-4F77-AA1E-B3AAC485459E}.Release|Any CPU.Build.0 = Release|Any CPU
		{13CB146C-92DA-4FF2-8297-01E8C3DFD546}.Debug|Any CPU.ActiveCfg = Debug|Any CPU
		{13CB146C-92DA-4FF2-8297-01E8C3DFD546}.Debug|Any CPU.Build.0 = Debug|Any CPU
		{13CB146C-92DA-4FF2-8297-01E8C3DFD546}.Release|Any CPU.ActiveCfg = Release|Any CPU
		{13CB146C-92DA-4FF2-8297-01E8C3DFD546}.Release|Any CPU.Build.0 = Release|Any CPU
		{2474C62D-AD89-4CD4-9F57-C6824F713422}.Debug|Any CPU.ActiveCfg = Debug|Any CPU
		{2474C62D-AD89-4CD4-9F57-C6824F713422}.Debug|Any CPU.Build.0 = Debug|Any CPU
		{2474C62D-AD89-4CD4-9F57-C6824F713422}.Release|Any CPU.ActiveCfg = Release|Any CPU
		{2474C62D-AD89-4CD4-9F57-C6824F713422}.Release|Any CPU.Build.0 = Release|Any CPU
		{DCC722D1-FD12-4763-92FA-7897C5B50499}.Debug|Any CPU.ActiveCfg = Debug|Any CPU
		{DCC722D1-FD12-4763-92FA-7897C5B50499}.Debug|Any CPU.Build.0 = Debug|Any CPU
		{DCC722D1-FD12-4763-92FA-7897C5B50499}.Release|Any CPU.ActiveCfg = Release|Any CPU
		{DCC722D1-FD12-4763-92FA-7897C5B50499}.Release|Any CPU.Build.0 = Release|Any CPU
		{C6A83C32-6C7D-4EC5-87C2-E649E87CA4CA}.Debug|Any CPU.ActiveCfg = Debug|Any CPU
		{C6A83C32-6C7D-4EC5-87C2-E649E87CA4CA}.Debug|Any CPU.Build.0 = Debug|Any CPU
		{C6A83C32-6C7D-4EC5-87C2-E649E87CA4CA}.Release|Any CPU.ActiveCfg = Release|Any CPU
		{C6A83C32-6C7D-4EC5-87C2-E649E87CA4CA}.Release|Any CPU.Build.0 = Release|Any CPU
		{10F87E47-0B77-4B86-8C8D-5355363E6188}.Debug|Any CPU.ActiveCfg = Debug|Any CPU
		{10F87E47-0B77-4B86-8C8D-5355363E6188}.Debug|Any CPU.Build.0 = Debug|Any CPU
		{10F87E47-0B77-4B86-8C8D-5355363E6188}.Release|Any CPU.ActiveCfg = Release|Any CPU
		{10F87E47-0B77-4B86-8C8D-5355363E6188}.Release|Any CPU.Build.0 = Release|Any CPU
		{B1E4ACD7-61B4-4341-9659-D9E1BD3C427C}.Debug|Any CPU.ActiveCfg = Debug|Any CPU
		{B1E4ACD7-61B4-4341-9659-D9E1BD3C427C}.Debug|Any CPU.Build.0 = Debug|Any CPU
		{B1E4ACD7-61B4-4341-9659-D9E1BD3C427C}.Release|Any CPU.ActiveCfg = Release|Any CPU
		{B1E4ACD7-61B4-4341-9659-D9E1BD3C427C}.Release|Any CPU.Build.0 = Release|Any CPU
		{0473A44C-9989-47E4-A7B2-F2D6F9A9DC38}.Debug|Any CPU.ActiveCfg = Debug|Any CPU
		{0473A44C-9989-47E4-A7B2-F2D6F9A9DC38}.Debug|Any CPU.Build.0 = Debug|Any CPU
		{0473A44C-9989-47E4-A7B2-F2D6F9A9DC38}.Release|Any CPU.ActiveCfg = Release|Any CPU
		{0473A44C-9989-47E4-A7B2-F2D6F9A9DC38}.Release|Any CPU.Build.0 = Release|Any CPU
		{6DE66B1B-53CC-4708-818D-E39699AB0225}.Debug|Any CPU.ActiveCfg = Debug|Any CPU
		{6DE66B1B-53CC-4708-818D-E39699AB0225}.Debug|Any CPU.Build.0 = Debug|Any CPU
		{6DE66B1B-53CC-4708-818D-E39699AB0225}.Release|Any CPU.ActiveCfg = Release|Any CPU
		{6DE66B1B-53CC-4708-818D-E39699AB0225}.Release|Any CPU.Build.0 = Release|Any CPU
		{E32F2AEB-14D5-4F3A-BC0E-8B5B4E467725}.Debug|Any CPU.ActiveCfg = Debug|Any CPU
		{E32F2AEB-14D5-4F3A-BC0E-8B5B4E467725}.Debug|Any CPU.Build.0 = Debug|Any CPU
		{E32F2AEB-14D5-4F3A-BC0E-8B5B4E467725}.Release|Any CPU.ActiveCfg = Release|Any CPU
		{E32F2AEB-14D5-4F3A-BC0E-8B5B4E467725}.Release|Any CPU.Build.0 = Release|Any CPU
		{1DFAD835-B855-412E-9A10-153451557F8F}.Debug|Any CPU.ActiveCfg = Debug|Any CPU
		{1DFAD835-B855-412E-9A10-153451557F8F}.Debug|Any CPU.Build.0 = Debug|Any CPU
		{1DFAD835-B855-412E-9A10-153451557F8F}.Release|Any CPU.ActiveCfg = Release|Any CPU
		{1DFAD835-B855-412E-9A10-153451557F8F}.Release|Any CPU.Build.0 = Release|Any CPU
		{538F65A6-2CAE-44B7-9C87-3C857623BBDD}.Debug|Any CPU.ActiveCfg = Debug|Any CPU
		{538F65A6-2CAE-44B7-9C87-3C857623BBDD}.Debug|Any CPU.Build.0 = Debug|Any CPU
		{538F65A6-2CAE-44B7-9C87-3C857623BBDD}.Release|Any CPU.ActiveCfg = Release|Any CPU
		{538F65A6-2CAE-44B7-9C87-3C857623BBDD}.Release|Any CPU.Build.0 = Release|Any CPU
		{1FC4715D-2000-47A6-AD82-CEDAAC264660}.Debug|Any CPU.ActiveCfg = Debug|Any CPU
		{1FC4715D-2000-47A6-AD82-CEDAAC264660}.Debug|Any CPU.Build.0 = Debug|Any CPU
		{1FC4715D-2000-47A6-AD82-CEDAAC264660}.Release|Any CPU.ActiveCfg = Release|Any CPU
		{1FC4715D-2000-47A6-AD82-CEDAAC264660}.Release|Any CPU.Build.0 = Release|Any CPU
		{76025157-AB3A-4823-AA93-5A9CFF4C52AB}.Debug|Any CPU.ActiveCfg = Debug|Any CPU
		{76025157-AB3A-4823-AA93-5A9CFF4C52AB}.Debug|Any CPU.Build.0 = Debug|Any CPU
		{76025157-AB3A-4823-AA93-5A9CFF4C52AB}.Release|Any CPU.ActiveCfg = Release|Any CPU
		{76025157-AB3A-4823-AA93-5A9CFF4C52AB}.Release|Any CPU.Build.0 = Release|Any CPU
		{32B17A7D-999C-4EB4-A462-32355F9B707E}.Debug|Any CPU.ActiveCfg = Debug|Any CPU
		{32B17A7D-999C-4EB4-A462-32355F9B707E}.Debug|Any CPU.Build.0 = Debug|Any CPU
		{32B17A7D-999C-4EB4-A462-32355F9B707E}.Release|Any CPU.ActiveCfg = Release|Any CPU
		{32B17A7D-999C-4EB4-A462-32355F9B707E}.Release|Any CPU.Build.0 = Release|Any CPU
		{BC22FD53-37C6-4440-A456-4F7F38579991}.Debug|Any CPU.ActiveCfg = Debug|Any CPU
		{BC22FD53-37C6-4440-A456-4F7F38579991}.Debug|Any CPU.Build.0 = Debug|Any CPU
		{BC22FD53-37C6-4440-A456-4F7F38579991}.Release|Any CPU.ActiveCfg = Release|Any CPU
		{BC22FD53-37C6-4440-A456-4F7F38579991}.Release|Any CPU.Build.0 = Release|Any CPU
		{78D96E31-5955-4CF6-8044-F77E42CD9AF7}.Debug|Any CPU.ActiveCfg = Debug|Any CPU
		{78D96E31-5955-4CF6-8044-F77E42CD9AF7}.Debug|Any CPU.Build.0 = Debug|Any CPU
		{78D96E31-5955-4CF6-8044-F77E42CD9AF7}.Release|Any CPU.ActiveCfg = Release|Any CPU
		{78D96E31-5955-4CF6-8044-F77E42CD9AF7}.Release|Any CPU.Build.0 = Release|Any CPU
	EndGlobalSection
	GlobalSection(SolutionProperties) = preSolution
		HideSolutionNode = FALSE
	EndGlobalSection
	GlobalSection(ExtensibilityGlobals) = postSolution
		SolutionGuid = {DC55B7FC-E977-4859-A8AA-42AE30D4257A}
	EndGlobalSection
EndGlobal
