
Microsoft Visual Studio Solution File, Format Version 12.00
# Visual Studio Version 16
VisualStudioVersion = 16.0.30204.135
MinimumVisualStudioVersion = 10.0.40219.1
Project("{9A19103F-16F7-4668-BE54-9A1E7A4F7556}") = "Listing1.1", "Listing1.1\Listing1.1.csproj", "{1F3547FE-AE6B-4F77-AA1E-B3AAC485459E}"
EndProject
Project("{9A19103F-16F7-4668-BE54-9A1E7A4F7556}") = "Listing1.2", "Listing1.2\Listing1.2.csproj", "{13CB146C-92DA-4FF2-8297-01E8C3DFD546}"
EndProject
Project("{9A19103F-16F7-4668-BE54-9A1E7A4F7556}") = "Listing1.3", "Listing1.3\Listing1.3.csproj", "{2474C62D-AD89-4CD4-9F57-C6824F713422}"
EndProject
Project("{9A19103F-16F7-4668-BE54-9A1E7A4F7556}") = "Listing1.4", "Listing1.4\Listing1.4.csproj", "{DCC722D1-FD12-4763-92FA-7897C5B50499}"
EndProject
Project("{FAE04EC0-301F-11D3-BF4B-00C04F79EFBC}") = "Listing1.5", "LISTING_1_5_A_parallel_LINQ_query\Listing1.5.csproj", "{C6A83C32-6C7D-4EC5-87C2-E649E87CA4CA}"
EndProject
Project("{FAE04EC0-301F-11D3-BF4B-00C04F79EFBC}") = "Listing1.6", "Listing1.6\Listing1.6.csproj", "{10F87E47-0B77-4B86-8C8D-5355363E6188}"
EndProject
Project("{FAE04EC0-301F-11D3-BF4B-00C04F79EFBC}") = "Listing1.7", "Listing1.7\Listing1.7.csproj", "{B1E4ACD7-61B4-4341-9659-D9E1BD3C427C}"
EndProject
Project("{FAE04EC0-301F-11D3-BF4B-00C04F79EFBC}") = "Listing1.8", "Listing1.8\Listing1.8.csproj", "{0473A44C-9989-47E4-A7B2-F2D6F9A9DC38}"
EndProject
Project("{FAE04EC0-301F-11D3-BF4B-00C04F79EFBC}") = "Listing1.9", "Listing1.9\Listing1.9.csproj", "{6DE66B1B-53CC-4708-818D-E39699AB0225}"
EndProject
Global
	GlobalSection(SolutionConfigurationPlatforms) = preSolution
		Debug|Any CPU = Debug|Any CPU
		Release|Any CPU = Release|Any CPU
	EndGlobalSection
	GlobalSection(ProjectConfigurationPlatforms) = postSolution
		{1F3547FE-AE6B-4F77-AA1E-B3AAC485459E}.Debug|Any CPU.ActiveCfg = Debug|Any CPU
		{1F3547FE-AE6B-4F77-AA1E-B3AAC485459E}.Debug|Any CPU.Build.0 = Debug|Any CPU
		{1F3547FE-AE6B-4F77-AA1E-B3AAC485459E}.Release|Any CPU.ActiveCfg = Release|Any CPU
		{1F3547FE-AE6B-4F77-AA1E-B3AAC485459E}.Release|Any CPU.Build.0 = Release|Any CPU
		{13CB146C-92DA-4FF2-8297-01E8C3DFD546}.Debug|Any CPU.ActiveCfg = Debug|Any CPU
		{13CB146C-92DA-4FF2-8297-01E8C3DFD546}.Debug|Any CPU.Build.0 = Debug|Any CPU
		{13CB146C-92DA-4FF2-8297-01E8C3DFD546}.Release|Any CPU.ActiveCfg = Release|Any CPU
		{13CB146C-92DA-4FF2-8297-01E8C3DFD546}.Release|Any CPU.Build.0 = Release|Any CPU
		{2474C62D-AD89-4CD4-9F57-C6824F713422}.Debug|Any CPU.ActiveCfg = Debug|Any CPU
		{2474C62D-AD89-4CD4-9F57-C6824F713422}.Debug|Any CPU.Build.0 = Debug|Any CPU
		{2474C62D-AD89-4CD4-9F57-C6824F713422}.Release|Any CPU.ActiveCfg = Release|Any CPU
		{2474C62D-AD89-4CD4-9F57-C6824F713422}.Release|Any CPU.Build.0 = Release|Any CPU
		{DCC722D1-FD12-4763-92FA-7897C5B50499}.Debug|Any CPU.ActiveCfg = Debug|Any CPU
		{DCC722D1-FD12-4763-92FA-7897C5B50499}.Debug|Any CPU.Build.0 = Debug|Any CPU
		{DCC722D1-FD12-4763-92FA-7897C5B50499}.Release|Any CPU.ActiveCfg = Release|Any CPU
		{DCC722D1-FD12-4763-92FA-7897C5B50499}.Release|Any CPU.Build.0 = Release|Any CPU
		{C6A83C32-6C7D-4EC5-87C2-E649E87CA4CA}.Debug|Any CPU.ActiveCfg = Debug|Any CPU
		{C6A83C32-6C7D-4EC5-87C2-E649E87CA4CA}.Debug|Any CPU.Build.0 = Debug|Any CPU
		{C6A83C32-6C7D-4EC5-87C2-E649E87CA4CA}.Release|Any CPU.ActiveCfg = Release|Any CPU
		{C6A83C32-6C7D-4EC5-87C2-E649E87CA4CA}.Release|Any CPU.Build.0 = Release|Any CPU
		{10F87E47-0B77-4B86-8C8D-5355363E6188}.Debug|Any CPU.ActiveCfg = Debug|Any CPU
		{10F87E47-0B77-4B86-8C8D-5355363E6188}.Debug|Any CPU.Build.0 = Debug|Any CPU
		{10F87E47-0B77-4B86-8C8D-5355363E6188}.Release|Any CPU.ActiveCfg = Release|Any CPU
		{10F87E47-0B77-4B86-8C8D-5355363E6188}.Release|Any CPU.Build.0 = Release|Any CPU
		{B1E4ACD7-61B4-4341-9659-D9E1BD3C427C}.Debug|Any CPU.ActiveCfg = Debug|Any CPU
		{B1E4ACD7-61B4-4341-9659-D9E1BD3C427C}.Debug|Any CPU.Build.0 = Debug|Any CPU
		{B1E4ACD7-61B4-4341-9659-D9E1BD3C427C}.Release|Any CPU.ActiveCfg = Release|Any CPU
		{B1E4ACD7-61B4-4341-9659-D9E1BD3C427C}.Release|Any CPU.Build.0 = Release|Any CPU
		{0473A44C-9989-47E4-A7B2-F2D6F9A9DC38}.Debug|Any CPU.ActiveCfg = Debug|Any CPU
		{0473A44C-9989-47E4-A7B2-F2D6F9A9DC38}.Debug|Any CPU.Build.0 = Debug|Any CPU
		{0473A44C-9989-47E4-A7B2-F2D6F9A9DC38}.Release|Any CPU.ActiveCfg = Release|Any CPU
		{0473A44C-9989-47E4-A7B2-F2D6F9A9DC38}.Release|Any CPU.Build.0 = Release|Any CPU
		{6DE66B1B-53CC-4708-818D-E39699AB0225}.Debug|Any CPU.ActiveCfg = Debug|Any CPU
		{6DE66B1B-53CC-4708-818D-E39699AB0225}.Debug|Any CPU.Build.0 = Debug|Any CPU
		{6DE66B1B-53CC-4708-818D-E39699AB0225}.Release|Any CPU.ActiveCfg = Release|Any CPU
		{6DE66B1B-53CC-4708-818D-E39699AB0225}.Release|Any CPU.Build.0 = Release|Any CPU
	EndGlobalSection
	GlobalSection(SolutionProperties) = preSolution
		HideSolutionNode = FALSE
	EndGlobalSection
	GlobalSection(ExtensibilityGlobals) = postSolution
		SolutionGuid = {DC55B7FC-E977-4859-A8AA-42AE30D4257A}
	EndGlobalSection
EndGlobal
