
Microsoft Visual Studio Solution File, Format Version 12.00
# Visual Studio Version 16
VisualStudioVersion = 16.0.30204.135
MinimumVisualStudioVersion = 10.0.40219.1
Project("{9A19103F-16F7-4668-BE54-9A1E7A4F7556}") = "Listing1.01", "Listing1.1\Listing1.01.csproj", "{1F3547FE-AE6B-4F77-AA1E-B3AAC485459E}"
EndProject
Project("{9A19103F-16F7-4668-BE54-9A1E7A4F7556}") = "Listing1.02", "Listing1.2\Listing1.02.csproj", "{13CB146C-92DA-4FF2-8297-01E8C3DFD546}"
EndProject
Project("{9A19103F-16F7-4668-BE54-9A1E7A4F7556}") = "Listing1.03", "Listing1.3\Listing1.03.csproj", "{2474C62D-AD89-4CD4-9F57-C6824F713422}"
EndProject
Project("{9A19103F-16F7-4668-BE54-9A1E7A4F7556}") = "Listing1.04", "Listing1.4\Listing1.04.csproj", "{DCC722D1-FD12-4763-92FA-7897C5B50499}"
EndProject
Project("{9A19103F-16F7-4668-BE54-9A1E7A4F7556}") = "Listing1.05", "LISTING_1_5_A_parallel_LINQ_query\Listing1.05.csproj", "{C6A83C32-6C7D-4EC5-87C2-E649E87CA4CA}"
EndProject
Project("{9A19103F-16F7-4668-BE54-9A1E7A4F7556}") = "Listing1.06", "Listing1.6\Listing1.06.csproj", "{10F87E47-0B77-4B86-8C8D-5355363E6188}"
EndProject
Project("{9A19103F-16F7-4668-BE54-9A1E7A4F7556}") = "Listing1.07", "Listing1.7\Listing1.07.csproj", "{B1E4ACD7-61B4-4341-9659-D9E1BD3C427C}"
EndProject
Project("{9A19103F-16F7-4668-BE54-9A1E7A4F7556}") = "Listing1.08", "Listing1.8\Listing1.08.csproj", "{0473A44C-9989-47E4-A7B2-F2D6F9A9DC38}"
EndProject
Project("{9A19103F-16F7-4668-BE54-9A1E7A4F7556}") = "Listing1.09", "Listing1.9\Listing1.09.csproj", "{6DE66B1B-53CC-4708-818D-E39699AB0225}"
EndProject
Project("{9A19103F-16F7-4668-BE54-9A1E7A4F7556}") = "Listing1.10", "Listing1.10\Listing1.10.csproj", "{E32F2AEB-14D5-4F3A-BC0E-8B5B4E467725}"
EndProject
Project("{9A19103F-16F7-4668-BE54-9A1E7A4F7556}") = "Listing1.11", "Listing1.11\Listing1.11.csproj", "{1DFAD835-B855-412E-9A10-153451557F8F}"
EndProject
Project("{9A19103F-16F7-4668-BE54-9A1E7A4F7556}") = "Listing1.12", "Listing1.12\Listing1.12.csproj", "{538F65A6-2CAE-44B7-9C87-3C857623BBDD}"
EndProject
Project("{9A19103F-16F7-4668-BE54-9A1E7A4F7556}") = "Listing1.13", "Listing1.13\Listing1.13.csproj", "{1FC4715D-2000-47A6-AD82-CEDAAC264660}"
EndProject
Project("{9A19103F-16F7-4668-BE54-9A1E7A4F7556}") = "Listing1.14", "Listing1.14\Listing1.14.csproj", "{76025157-AB3A-4823-AA93-5A9CFF4C52AB}"
EndProject
Project("{9A19103F-16F7-4668-BE54-9A1E7A4F7556}") = "Listing1.15", "Listing1.15\Listing1.15.csproj", "{32B17A7D-999C-4EB4-A462-32355F9B707E}"
EndProject
Project("{9A19103F-16F7-4668-BE54-9A1E7A4F7556}") = "Listing1.16", "Listing1.16\Listing1.16.csproj", "{BC22FD53-37C6-4440-A456-4F7F38579991}"
EndProject
Project("{9A19103F-16F7-4668-BE54-9A1E7A4F7556}") = "Listing1.17", "Listing1.17\Listing1.17.csproj", "{78D96E31-5955-4CF6-8044-F77E42CD9AF7}"
EndProject
Project("{9A19103F-16F7-4668-BE54-9A1E7A4F7556}") = "Listing1.18", "Listing1.18\Listing1.18.csproj", "{264C9B4D-D6EF-4483-AA1F-759CF4003A1C}"
EndProject
Project("{9A19103F-16F7-4668-BE54-9A1E7A4F7556}") = "Listing1.19", "Listing1.19\Listing1.19.csproj", "{AB50C3CB-085F-49A4-92FA-B2B857AA4B79}"
EndProject
Project("{9A19103F-16F7-4668-BE54-9A1E7A4F7556}") = "Listing1.20", "Listing1.20\Listing1.20.csproj", "{E872EB7A-8161-4B03-9A76-FD626BC59203}"
EndProject
Project("{9A19103F-16F7-4668-BE54-9A1E7A4F7556}") = "Listing1.21", "Listing1.21\Listing1.21.csproj", "{95F1A72F-E5D6-47D8-89A2-0BCE758780F4}"
EndProject
Project("{9A19103F-16F7-4668-BE54-9A1E7A4F7556}") = "Listing1.22", "Listing1.22\Listing1.22.csproj", "{FBFFFB1E-FDB8-4506-A3B3-51FC3FF0DCC4}"
EndProject
Project("{9A19103F-16F7-4668-BE54-9A1E7A4F7556}") = "Listing1.23", "Listing1.23\Listing1.23.csproj", "{4FA29A2E-B707-49BF-A7B6-92FEEDD1B570}"
EndProject
Project("{9A19103F-16F7-4668-BE54-9A1E7A4F7556}") = "Listing1.24", "Listing1.24\Listing1.24.csproj", "{1FB3F170-3CB2-4FB9-891A-B262744082F9}"
EndProject
Project("{9A19103F-16F7-4668-BE54-9A1E7A4F7556}") = "Listing1.25", "Listing1.25\Listing1.25.csproj", "{24839D3D-EBAB-427D-BBB2-2D8C1413A8FB}"
EndProject
Project("{9A19103F-16F7-4668-BE54-9A1E7A4F7556}") = "Listing1.26", "Listing1.26\Listing1.26.csproj", "{EAF8817A-20CE-4435-B9D9-CC22F6B4AB34}"
EndProject
Project("{9A19103F-16F7-4668-BE54-9A1E7A4F7556}") = "Listing1.27", "Listing1.27\Listing1.27.csproj", "{9D431D68-03F2-4CDF-8F69-75805B115FA1}"
EndProject
Project("{9A19103F-16F7-4668-BE54-9A1E7A4F7556}") = "Listing1.28", "Listing1.28\Listing1.28.csproj", "{A65D7039-D1C4-4C8E-A7F1-9C09479DB5CE}"
EndProject
Project("{9A19103F-16F7-4668-BE54-9A1E7A4F7556}") = "RandomAverages", "RandomAverages\RandomAverages.csproj", "{E44616EE-525F-4F06-ABA2-B0F25D2F0AFE}"
EndProject
Project("{9A19103F-16F7-4668-BE54-9A1E7A4F7556}") = "WebpageViewer", "WebpageViewer\WebpageViewer.csproj", "{884664EC-0ADE-42B4-AD84-E165F7A6A5BF}"
EndProject
Project("{9A19103F-16F7-4668-BE54-9A1E7A4F7556}") = "Listing1.35", "Listing1.35\Listing1.35.csproj", "{E716B623-F55A-4772-A425-39119D08AD11}"
EndProject
Project("{9A19103F-16F7-4668-BE54-9A1E7A4F7556}") = "Listing1.36", "Listing1.36\Listing1.36.csproj", "{6714E001-87D6-4FA2-B3FC-1DCC9C106BBD}"
EndProject
Project("{FAE04EC0-301F-11D3-BF4B-00C04F79EFBC}") = "Listing1.37", "Listing1.37\Listing1.37.csproj", "{1DDFFF58-7079-43E3-8747-51F240CF1E54}"
EndProject
Project("{FAE04EC0-301F-11D3-BF4B-00C04F79EFBC}") = "Listing1.38", "Listing1.38\Listing1.38.csproj", "{9BDF80E4-9B32-4441-92E6-ACFF3F276947}"
EndProject
Project("{FAE04EC0-301F-11D3-BF4B-00C04F79EFBC}") = "Listing1.39", "Listing1.39\Listing1.39.csproj", "{D6F5C32E-A514-4458-A843-994DFF2EE08C}"
EndProject
Project("{FAE04EC0-301F-11D3-BF4B-00C04F79EFBC}") = "Listing1.40", "Listing1.40\Listing1.40.csproj", "{241E1025-C59D-4B11-8EAC-B0AD3C10BAAA}"
EndProject
Global
	GlobalSection(SolutionConfigurationPlatforms) = preSolution
		Debug|Any CPU = Debug|Any CPU
		Debug|ARM = Debug|ARM
		Debug|ARM64 = Debug|ARM64
		Debug|x64 = Debug|x64
		Debug|x86 = Debug|x86
		Release|Any CPU = Release|Any CPU
		Release|ARM = Release|ARM
		Release|ARM64 = Release|ARM64
		Release|x64 = Release|x64
		Release|x86 = Release|x86
	EndGlobalSection
	GlobalSection(ProjectConfigurationPlatforms) = postSolution
		{1F3547FE-AE6B-4F77-AA1E-B3AAC485459E}.Debug|Any CPU.ActiveCfg = Debug|Any CPU
		{1F3547FE-AE6B-4F77-AA1E-B3AAC485459E}.Debug|Any CPU.Build.0 = Debug|Any CPU
		{1F3547FE-AE6B-4F77-AA1E-B3AAC485459E}.Debug|ARM.ActiveCfg = Debug|Any CPU
		{1F3547FE-AE6B-4F77-AA1E-B3AAC485459E}.Debug|ARM.Build.0 = Debug|Any CPU
		{1F3547FE-AE6B-4F77-AA1E-B3AAC485459E}.Debug|ARM64.ActiveCfg = Debug|Any CPU
		{1F3547FE-AE6B-4F77-AA1E-B3AAC485459E}.Debug|ARM64.Build.0 = Debug|Any CPU
		{1F3547FE-AE6B-4F77-AA1E-B3AAC485459E}.Debug|x64.ActiveCfg = Debug|Any CPU
		{1F3547FE-AE6B-4F77-AA1E-B3AAC485459E}.Debug|x64.Build.0 = Debug|Any CPU
		{1F3547FE-AE6B-4F77-AA1E-B3AAC485459E}.Debug|x86.ActiveCfg = Debug|Any CPU
		{1F3547FE-AE6B-4F77-AA1E-B3AAC485459E}.Debug|x86.Build.0 = Debug|Any CPU
		{1F3547FE-AE6B-4F77-AA1E-B3AAC485459E}.Release|Any CPU.ActiveCfg = Release|Any CPU
		{1F3547FE-AE6B-4F77-AA1E-B3AAC485459E}.Release|Any CPU.Build.0 = Release|Any CPU
		{1F3547FE-AE6B-4F77-AA1E-B3AAC485459E}.Release|ARM.ActiveCfg = Release|Any CPU
		{1F3547FE-AE6B-4F77-AA1E-B3AAC485459E}.Release|ARM.Build.0 = Release|Any CPU
		{1F3547FE-AE6B-4F77-AA1E-B3AAC485459E}.Release|ARM64.ActiveCfg = Release|Any CPU
		{1F3547FE-AE6B-4F77-AA1E-B3AAC485459E}.Release|ARM64.Build.0 = Release|Any CPU
		{1F3547FE-AE6B-4F77-AA1E-B3AAC485459E}.Release|x64.ActiveCfg = Release|Any CPU
		{1F3547FE-AE6B-4F77-AA1E-B3AAC485459E}.Release|x64.Build.0 = Release|Any CPU
		{1F3547FE-AE6B-4F77-AA1E-B3AAC485459E}.Release|x86.ActiveCfg = Release|Any CPU
		{1F3547FE-AE6B-4F77-AA1E-B3AAC485459E}.Release|x86.Build.0 = Release|Any CPU
		{13CB146C-92DA-4FF2-8297-01E8C3DFD546}.Debug|Any CPU.ActiveCfg = Debug|Any CPU
		{13CB146C-92DA-4FF2-8297-01E8C3DFD546}.Debug|Any CPU.Build.0 = Debug|Any CPU
		{13CB146C-92DA-4FF2-8297-01E8C3DFD546}.Debug|ARM.ActiveCfg = Debug|Any CPU
		{13CB146C-92DA-4FF2-8297-01E8C3DFD546}.Debug|ARM.Build.0 = Debug|Any CPU
		{13CB146C-92DA-4FF2-8297-01E8C3DFD546}.Debug|ARM64.ActiveCfg = Debug|Any CPU
		{13CB146C-92DA-4FF2-8297-01E8C3DFD546}.Debug|ARM64.Build.0 = Debug|Any CPU
		{13CB146C-92DA-4FF2-8297-01E8C3DFD546}.Debug|x64.ActiveCfg = Debug|Any CPU
		{13CB146C-92DA-4FF2-8297-01E8C3DFD546}.Debug|x64.Build.0 = Debug|Any CPU
		{13CB146C-92DA-4FF2-8297-01E8C3DFD546}.Debug|x86.ActiveCfg = Debug|Any CPU
		{13CB146C-92DA-4FF2-8297-01E8C3DFD546}.Debug|x86.Build.0 = Debug|Any CPU
		{13CB146C-92DA-4FF2-8297-01E8C3DFD546}.Release|Any CPU.ActiveCfg = Release|Any CPU
		{13CB146C-92DA-4FF2-8297-01E8C3DFD546}.Release|Any CPU.Build.0 = Release|Any CPU
		{13CB146C-92DA-4FF2-8297-01E8C3DFD546}.Release|ARM.ActiveCfg = Release|Any CPU
		{13CB146C-92DA-4FF2-8297-01E8C3DFD546}.Release|ARM.Build.0 = Release|Any CPU
		{13CB146C-92DA-4FF2-8297-01E8C3DFD546}.Release|ARM64.ActiveCfg = Release|Any CPU
		{13CB146C-92DA-4FF2-8297-01E8C3DFD546}.Release|ARM64.Build.0 = Release|Any CPU
		{13CB146C-92DA-4FF2-8297-01E8C3DFD546}.Release|x64.ActiveCfg = Release|Any CPU
		{13CB146C-92DA-4FF2-8297-01E8C3DFD546}.Release|x64.Build.0 = Release|Any CPU
		{13CB146C-92DA-4FF2-8297-01E8C3DFD546}.Release|x86.ActiveCfg = Release|Any CPU
		{13CB146C-92DA-4FF2-8297-01E8C3DFD546}.Release|x86.Build.0 = Release|Any CPU
		{2474C62D-AD89-4CD4-9F57-C6824F713422}.Debug|Any CPU.ActiveCfg = Debug|Any CPU
		{2474C62D-AD89-4CD4-9F57-C6824F713422}.Debug|Any CPU.Build.0 = Debug|Any CPU
		{2474C62D-AD89-4CD4-9F57-C6824F713422}.Debug|ARM.ActiveCfg = Debug|Any CPU
		{2474C62D-AD89-4CD4-9F57-C6824F713422}.Debug|ARM.Build.0 = Debug|Any CPU
		{2474C62D-AD89-4CD4-9F57-C6824F713422}.Debug|ARM64.ActiveCfg = Debug|Any CPU
		{2474C62D-AD89-4CD4-9F57-C6824F713422}.Debug|ARM64.Build.0 = Debug|Any CPU
		{2474C62D-AD89-4CD4-9F57-C6824F713422}.Debug|x64.ActiveCfg = Debug|Any CPU
		{2474C62D-AD89-4CD4-9F57-C6824F713422}.Debug|x64.Build.0 = Debug|Any CPU
		{2474C62D-AD89-4CD4-9F57-C6824F713422}.Debug|x86.ActiveCfg = Debug|Any CPU
		{2474C62D-AD89-4CD4-9F57-C6824F713422}.Debug|x86.Build.0 = Debug|Any CPU
		{2474C62D-AD89-4CD4-9F57-C6824F713422}.Release|Any CPU.ActiveCfg = Release|Any CPU
		{2474C62D-AD89-4CD4-9F57-C6824F713422}.Release|Any CPU.Build.0 = Release|Any CPU
		{2474C62D-AD89-4CD4-9F57-C6824F713422}.Release|ARM.ActiveCfg = Release|Any CPU
		{2474C62D-AD89-4CD4-9F57-C6824F713422}.Release|ARM.Build.0 = Release|Any CPU
		{2474C62D-AD89-4CD4-9F57-C6824F713422}.Release|ARM64.ActiveCfg = Release|Any CPU
		{2474C62D-AD89-4CD4-9F57-C6824F713422}.Release|ARM64.Build.0 = Release|Any CPU
		{2474C62D-AD89-4CD4-9F57-C6824F713422}.Release|x64.ActiveCfg = Release|Any CPU
		{2474C62D-AD89-4CD4-9F57-C6824F713422}.Release|x64.Build.0 = Release|Any CPU
		{2474C62D-AD89-4CD4-9F57-C6824F713422}.Release|x86.ActiveCfg = Release|Any CPU
		{2474C62D-AD89-4CD4-9F57-C6824F713422}.Release|x86.Build.0 = Release|Any CPU
		{DCC722D1-FD12-4763-92FA-7897C5B50499}.Debug|Any CPU.ActiveCfg = Debug|Any CPU
		{DCC722D1-FD12-4763-92FA-7897C5B50499}.Debug|Any CPU.Build.0 = Debug|Any CPU
		{DCC722D1-FD12-4763-92FA-7897C5B50499}.Debug|ARM.ActiveCfg = Debug|Any CPU
		{DCC722D1-FD12-4763-92FA-7897C5B50499}.Debug|ARM.Build.0 = Debug|Any CPU
		{DCC722D1-FD12-4763-92FA-7897C5B50499}.Debug|ARM64.ActiveCfg = Debug|Any CPU
		{DCC722D1-FD12-4763-92FA-7897C5B50499}.Debug|ARM64.Build.0 = Debug|Any CPU
		{DCC722D1-FD12-4763-92FA-7897C5B50499}.Debug|x64.ActiveCfg = Debug|Any CPU
		{DCC722D1-FD12-4763-92FA-7897C5B50499}.Debug|x64.Build.0 = Debug|Any CPU
		{DCC722D1-FD12-4763-92FA-7897C5B50499}.Debug|x86.ActiveCfg = Debug|Any CPU
		{DCC722D1-FD12-4763-92FA-7897C5B50499}.Debug|x86.Build.0 = Debug|Any CPU
		{DCC722D1-FD12-4763-92FA-7897C5B50499}.Release|Any CPU.ActiveCfg = Release|Any CPU
		{DCC722D1-FD12-4763-92FA-7897C5B50499}.Release|Any CPU.Build.0 = Release|Any CPU
		{DCC722D1-FD12-4763-92FA-7897C5B50499}.Release|ARM.ActiveCfg = Release|Any CPU
		{DCC722D1-FD12-4763-92FA-7897C5B50499}.Release|ARM.Build.0 = Release|Any CPU
		{DCC722D1-FD12-4763-92FA-7897C5B50499}.Release|ARM64.ActiveCfg = Release|Any CPU
		{DCC722D1-FD12-4763-92FA-7897C5B50499}.Release|ARM64.Build.0 = Release|Any CPU
		{DCC722D1-FD12-4763-92FA-7897C5B50499}.Release|x64.ActiveCfg = Release|Any CPU
		{DCC722D1-FD12-4763-92FA-7897C5B50499}.Release|x64.Build.0 = Release|Any CPU
		{DCC722D1-FD12-4763-92FA-7897C5B50499}.Release|x86.ActiveCfg = Release|Any CPU
		{DCC722D1-FD12-4763-92FA-7897C5B50499}.Release|x86.Build.0 = Release|Any CPU
		{C6A83C32-6C7D-4EC5-87C2-E649E87CA4CA}.Debug|Any CPU.ActiveCfg = Debug|Any CPU
		{C6A83C32-6C7D-4EC5-87C2-E649E87CA4CA}.Debug|Any CPU.Build.0 = Debug|Any CPU
		{C6A83C32-6C7D-4EC5-87C2-E649E87CA4CA}.Debug|ARM.ActiveCfg = Debug|Any CPU
		{C6A83C32-6C7D-4EC5-87C2-E649E87CA4CA}.Debug|ARM.Build.0 = Debug|Any CPU
		{C6A83C32-6C7D-4EC5-87C2-E649E87CA4CA}.Debug|ARM64.ActiveCfg = Debug|Any CPU
		{C6A83C32-6C7D-4EC5-87C2-E649E87CA4CA}.Debug|ARM64.Build.0 = Debug|Any CPU
		{C6A83C32-6C7D-4EC5-87C2-E649E87CA4CA}.Debug|x64.ActiveCfg = Debug|Any CPU
		{C6A83C32-6C7D-4EC5-87C2-E649E87CA4CA}.Debug|x64.Build.0 = Debug|Any CPU
		{C6A83C32-6C7D-4EC5-87C2-E649E87CA4CA}.Debug|x86.ActiveCfg = Debug|Any CPU
		{C6A83C32-6C7D-4EC5-87C2-E649E87CA4CA}.Debug|x86.Build.0 = Debug|Any CPU
		{C6A83C32-6C7D-4EC5-87C2-E649E87CA4CA}.Release|Any CPU.ActiveCfg = Release|Any CPU
		{C6A83C32-6C7D-4EC5-87C2-E649E87CA4CA}.Release|Any CPU.Build.0 = Release|Any CPU
		{C6A83C32-6C7D-4EC5-87C2-E649E87CA4CA}.Release|ARM.ActiveCfg = Release|Any CPU
		{C6A83C32-6C7D-4EC5-87C2-E649E87CA4CA}.Release|ARM.Build.0 = Release|Any CPU
		{C6A83C32-6C7D-4EC5-87C2-E649E87CA4CA}.Release|ARM64.ActiveCfg = Release|Any CPU
		{C6A83C32-6C7D-4EC5-87C2-E649E87CA4CA}.Release|ARM64.Build.0 = Release|Any CPU
		{C6A83C32-6C7D-4EC5-87C2-E649E87CA4CA}.Release|x64.ActiveCfg = Release|Any CPU
		{C6A83C32-6C7D-4EC5-87C2-E649E87CA4CA}.Release|x64.Build.0 = Release|Any CPU
		{C6A83C32-6C7D-4EC5-87C2-E649E87CA4CA}.Release|x86.ActiveCfg = Release|Any CPU
		{C6A83C32-6C7D-4EC5-87C2-E649E87CA4CA}.Release|x86.Build.0 = Release|Any CPU
		{10F87E47-0B77-4B86-8C8D-5355363E6188}.Debug|Any CPU.ActiveCfg = Debug|Any CPU
		{10F87E47-0B77-4B86-8C8D-5355363E6188}.Debug|Any CPU.Build.0 = Debug|Any CPU
		{10F87E47-0B77-4B86-8C8D-5355363E6188}.Debug|ARM.ActiveCfg = Debug|Any CPU
		{10F87E47-0B77-4B86-8C8D-5355363E6188}.Debug|ARM.Build.0 = Debug|Any CPU
		{10F87E47-0B77-4B86-8C8D-5355363E6188}.Debug|ARM64.ActiveCfg = Debug|Any CPU
		{10F87E47-0B77-4B86-8C8D-5355363E6188}.Debug|ARM64.Build.0 = Debug|Any CPU
		{10F87E47-0B77-4B86-8C8D-5355363E6188}.Debug|x64.ActiveCfg = Debug|Any CPU
		{10F87E47-0B77-4B86-8C8D-5355363E6188}.Debug|x64.Build.0 = Debug|Any CPU
		{10F87E47-0B77-4B86-8C8D-5355363E6188}.Debug|x86.ActiveCfg = Debug|Any CPU
		{10F87E47-0B77-4B86-8C8D-5355363E6188}.Debug|x86.Build.0 = Debug|Any CPU
		{10F87E47-0B77-4B86-8C8D-5355363E6188}.Release|Any CPU.ActiveCfg = Release|Any CPU
		{10F87E47-0B77-4B86-8C8D-5355363E6188}.Release|Any CPU.Build.0 = Release|Any CPU
		{10F87E47-0B77-4B86-8C8D-5355363E6188}.Release|ARM.ActiveCfg = Release|Any CPU
		{10F87E47-0B77-4B86-8C8D-5355363E6188}.Release|ARM.Build.0 = Release|Any CPU
		{10F87E47-0B77-4B86-8C8D-5355363E6188}.Release|ARM64.ActiveCfg = Release|Any CPU
		{10F87E47-0B77-4B86-8C8D-5355363E6188}.Release|ARM64.Build.0 = Release|Any CPU
		{10F87E47-0B77-4B86-8C8D-5355363E6188}.Release|x64.ActiveCfg = Release|Any CPU
		{10F87E47-0B77-4B86-8C8D-5355363E6188}.Release|x64.Build.0 = Release|Any CPU
		{10F87E47-0B77-4B86-8C8D-5355363E6188}.Release|x86.ActiveCfg = Release|Any CPU
		{10F87E47-0B77-4B86-8C8D-5355363E6188}.Release|x86.Build.0 = Release|Any CPU
		{B1E4ACD7-61B4-4341-9659-D9E1BD3C427C}.Debug|Any CPU.ActiveCfg = Debug|Any CPU
		{B1E4ACD7-61B4-4341-9659-D9E1BD3C427C}.Debug|Any CPU.Build.0 = Debug|Any CPU
		{B1E4ACD7-61B4-4341-9659-D9E1BD3C427C}.Debug|ARM.ActiveCfg = Debug|Any CPU
		{B1E4ACD7-61B4-4341-9659-D9E1BD3C427C}.Debug|ARM.Build.0 = Debug|Any CPU
		{B1E4ACD7-61B4-4341-9659-D9E1BD3C427C}.Debug|ARM64.ActiveCfg = Debug|Any CPU
		{B1E4ACD7-61B4-4341-9659-D9E1BD3C427C}.Debug|ARM64.Build.0 = Debug|Any CPU
		{B1E4ACD7-61B4-4341-9659-D9E1BD3C427C}.Debug|x64.ActiveCfg = Debug|Any CPU
		{B1E4ACD7-61B4-4341-9659-D9E1BD3C427C}.Debug|x64.Build.0 = Debug|Any CPU
		{B1E4ACD7-61B4-4341-9659-D9E1BD3C427C}.Debug|x86.ActiveCfg = Debug|Any CPU
		{B1E4ACD7-61B4-4341-9659-D9E1BD3C427C}.Debug|x86.Build.0 = Debug|Any CPU
		{B1E4ACD7-61B4-4341-9659-D9E1BD3C427C}.Release|Any CPU.ActiveCfg = Release|Any CPU
		{B1E4ACD7-61B4-4341-9659-D9E1BD3C427C}.Release|Any CPU.Build.0 = Release|Any CPU
		{B1E4ACD7-61B4-4341-9659-D9E1BD3C427C}.Release|ARM.ActiveCfg = Release|Any CPU
		{B1E4ACD7-61B4-4341-9659-D9E1BD3C427C}.Release|ARM.Build.0 = Release|Any CPU
		{B1E4ACD7-61B4-4341-9659-D9E1BD3C427C}.Release|ARM64.ActiveCfg = Release|Any CPU
		{B1E4ACD7-61B4-4341-9659-D9E1BD3C427C}.Release|ARM64.Build.0 = Release|Any CPU
		{B1E4ACD7-61B4-4341-9659-D9E1BD3C427C}.Release|x64.ActiveCfg = Release|Any CPU
		{B1E4ACD7-61B4-4341-9659-D9E1BD3C427C}.Release|x64.Build.0 = Release|Any CPU
		{B1E4ACD7-61B4-4341-9659-D9E1BD3C427C}.Release|x86.ActiveCfg = Release|Any CPU
		{B1E4ACD7-61B4-4341-9659-D9E1BD3C427C}.Release|x86.Build.0 = Release|Any CPU
		{0473A44C-9989-47E4-A7B2-F2D6F9A9DC38}.Debug|Any CPU.ActiveCfg = Debug|Any CPU
		{0473A44C-9989-47E4-A7B2-F2D6F9A9DC38}.Debug|Any CPU.Build.0 = Debug|Any CPU
		{0473A44C-9989-47E4-A7B2-F2D6F9A9DC38}.Debug|ARM.ActiveCfg = Debug|Any CPU
		{0473A44C-9989-47E4-A7B2-F2D6F9A9DC38}.Debug|ARM.Build.0 = Debug|Any CPU
		{0473A44C-9989-47E4-A7B2-F2D6F9A9DC38}.Debug|ARM64.ActiveCfg = Debug|Any CPU
		{0473A44C-9989-47E4-A7B2-F2D6F9A9DC38}.Debug|ARM64.Build.0 = Debug|Any CPU
		{0473A44C-9989-47E4-A7B2-F2D6F9A9DC38}.Debug|x64.ActiveCfg = Debug|Any CPU
		{0473A44C-9989-47E4-A7B2-F2D6F9A9DC38}.Debug|x64.Build.0 = Debug|Any CPU
		{0473A44C-9989-47E4-A7B2-F2D6F9A9DC38}.Debug|x86.ActiveCfg = Debug|Any CPU
		{0473A44C-9989-47E4-A7B2-F2D6F9A9DC38}.Debug|x86.Build.0 = Debug|Any CPU
		{0473A44C-9989-47E4-A7B2-F2D6F9A9DC38}.Release|Any CPU.ActiveCfg = Release|Any CPU
		{0473A44C-9989-47E4-A7B2-F2D6F9A9DC38}.Release|Any CPU.Build.0 = Release|Any CPU
		{0473A44C-9989-47E4-A7B2-F2D6F9A9DC38}.Release|ARM.ActiveCfg = Release|Any CPU
		{0473A44C-9989-47E4-A7B2-F2D6F9A9DC38}.Release|ARM.Build.0 = Release|Any CPU
		{0473A44C-9989-47E4-A7B2-F2D6F9A9DC38}.Release|ARM64.ActiveCfg = Release|Any CPU
		{0473A44C-9989-47E4-A7B2-F2D6F9A9DC38}.Release|ARM64.Build.0 = Release|Any CPU
		{0473A44C-9989-47E4-A7B2-F2D6F9A9DC38}.Release|x64.ActiveCfg = Release|Any CPU
		{0473A44C-9989-47E4-A7B2-F2D6F9A9DC38}.Release|x64.Build.0 = Release|Any CPU
		{0473A44C-9989-47E4-A7B2-F2D6F9A9DC38}.Release|x86.ActiveCfg = Release|Any CPU
		{0473A44C-9989-47E4-A7B2-F2D6F9A9DC38}.Release|x86.Build.0 = Release|Any CPU
		{6DE66B1B-53CC-4708-818D-E39699AB0225}.Debug|Any CPU.ActiveCfg = Debug|Any CPU
		{6DE66B1B-53CC-4708-818D-E39699AB0225}.Debug|Any CPU.Build.0 = Debug|Any CPU
		{6DE66B1B-53CC-4708-818D-E39699AB0225}.Debug|ARM.ActiveCfg = Debug|Any CPU
		{6DE66B1B-53CC-4708-818D-E39699AB0225}.Debug|ARM.Build.0 = Debug|Any CPU
		{6DE66B1B-53CC-4708-818D-E39699AB0225}.Debug|ARM64.ActiveCfg = Debug|Any CPU
		{6DE66B1B-53CC-4708-818D-E39699AB0225}.Debug|ARM64.Build.0 = Debug|Any CPU
		{6DE66B1B-53CC-4708-818D-E39699AB0225}.Debug|x64.ActiveCfg = Debug|Any CPU
		{6DE66B1B-53CC-4708-818D-E39699AB0225}.Debug|x64.Build.0 = Debug|Any CPU
		{6DE66B1B-53CC-4708-818D-E39699AB0225}.Debug|x86.ActiveCfg = Debug|Any CPU
		{6DE66B1B-53CC-4708-818D-E39699AB0225}.Debug|x86.Build.0 = Debug|Any CPU
		{6DE66B1B-53CC-4708-818D-E39699AB0225}.Release|Any CPU.ActiveCfg = Release|Any CPU
		{6DE66B1B-53CC-4708-818D-E39699AB0225}.Release|Any CPU.Build.0 = Release|Any CPU
		{6DE66B1B-53CC-4708-818D-E39699AB0225}.Release|ARM.ActiveCfg = Release|Any CPU
		{6DE66B1B-53CC-4708-818D-E39699AB0225}.Release|ARM.Build.0 = Release|Any CPU
		{6DE66B1B-53CC-4708-818D-E39699AB0225}.Release|ARM64.ActiveCfg = Release|Any CPU
		{6DE66B1B-53CC-4708-818D-E39699AB0225}.Release|ARM64.Build.0 = Release|Any CPU
		{6DE66B1B-53CC-4708-818D-E39699AB0225}.Release|x64.ActiveCfg = Release|Any CPU
		{6DE66B1B-53CC-4708-818D-E39699AB0225}.Release|x64.Build.0 = Release|Any CPU
		{6DE66B1B-53CC-4708-818D-E39699AB0225}.Release|x86.ActiveCfg = Release|Any CPU
		{6DE66B1B-53CC-4708-818D-E39699AB0225}.Release|x86.Build.0 = Release|Any CPU
		{E32F2AEB-14D5-4F3A-BC0E-8B5B4E467725}.Debug|Any CPU.ActiveCfg = Debug|Any CPU
		{E32F2AEB-14D5-4F3A-BC0E-8B5B4E467725}.Debug|Any CPU.Build.0 = Debug|Any CPU
		{E32F2AEB-14D5-4F3A-BC0E-8B5B4E467725}.Debug|ARM.ActiveCfg = Debug|Any CPU
		{E32F2AEB-14D5-4F3A-BC0E-8B5B4E467725}.Debug|ARM.Build.0 = Debug|Any CPU
		{E32F2AEB-14D5-4F3A-BC0E-8B5B4E467725}.Debug|ARM64.ActiveCfg = Debug|Any CPU
		{E32F2AEB-14D5-4F3A-BC0E-8B5B4E467725}.Debug|ARM64.Build.0 = Debug|Any CPU
		{E32F2AEB-14D5-4F3A-BC0E-8B5B4E467725}.Debug|x64.ActiveCfg = Debug|Any CPU
		{E32F2AEB-14D5-4F3A-BC0E-8B5B4E467725}.Debug|x64.Build.0 = Debug|Any CPU
		{E32F2AEB-14D5-4F3A-BC0E-8B5B4E467725}.Debug|x86.ActiveCfg = Debug|Any CPU
		{E32F2AEB-14D5-4F3A-BC0E-8B5B4E467725}.Debug|x86.Build.0 = Debug|Any CPU
		{E32F2AEB-14D5-4F3A-BC0E-8B5B4E467725}.Release|Any CPU.ActiveCfg = Release|Any CPU
		{E32F2AEB-14D5-4F3A-BC0E-8B5B4E467725}.Release|Any CPU.Build.0 = Release|Any CPU
		{E32F2AEB-14D5-4F3A-BC0E-8B5B4E467725}.Release|ARM.ActiveCfg = Release|Any CPU
		{E32F2AEB-14D5-4F3A-BC0E-8B5B4E467725}.Release|ARM.Build.0 = Release|Any CPU
		{E32F2AEB-14D5-4F3A-BC0E-8B5B4E467725}.Release|ARM64.ActiveCfg = Release|Any CPU
		{E32F2AEB-14D5-4F3A-BC0E-8B5B4E467725}.Release|ARM64.Build.0 = Release|Any CPU
		{E32F2AEB-14D5-4F3A-BC0E-8B5B4E467725}.Release|x64.ActiveCfg = Release|Any CPU
		{E32F2AEB-14D5-4F3A-BC0E-8B5B4E467725}.Release|x64.Build.0 = Release|Any CPU
		{E32F2AEB-14D5-4F3A-BC0E-8B5B4E467725}.Release|x86.ActiveCfg = Release|Any CPU
		{E32F2AEB-14D5-4F3A-BC0E-8B5B4E467725}.Release|x86.Build.0 = Release|Any CPU
		{1DFAD835-B855-412E-9A10-153451557F8F}.Debug|Any CPU.ActiveCfg = Debug|Any CPU
		{1DFAD835-B855-412E-9A10-153451557F8F}.Debug|Any CPU.Build.0 = Debug|Any CPU
		{1DFAD835-B855-412E-9A10-153451557F8F}.Debug|ARM.ActiveCfg = Debug|Any CPU
		{1DFAD835-B855-412E-9A10-153451557F8F}.Debug|ARM.Build.0 = Debug|Any CPU
		{1DFAD835-B855-412E-9A10-153451557F8F}.Debug|ARM64.ActiveCfg = Debug|Any CPU
		{1DFAD835-B855-412E-9A10-153451557F8F}.Debug|ARM64.Build.0 = Debug|Any CPU
		{1DFAD835-B855-412E-9A10-153451557F8F}.Debug|x64.ActiveCfg = Debug|Any CPU
		{1DFAD835-B855-412E-9A10-153451557F8F}.Debug|x64.Build.0 = Debug|Any CPU
		{1DFAD835-B855-412E-9A10-153451557F8F}.Debug|x86.ActiveCfg = Debug|Any CPU
		{1DFAD835-B855-412E-9A10-153451557F8F}.Debug|x86.Build.0 = Debug|Any CPU
		{1DFAD835-B855-412E-9A10-153451557F8F}.Release|Any CPU.ActiveCfg = Release|Any CPU
		{1DFAD835-B855-412E-9A10-153451557F8F}.Release|Any CPU.Build.0 = Release|Any CPU
		{1DFAD835-B855-412E-9A10-153451557F8F}.Release|ARM.ActiveCfg = Release|Any CPU
		{1DFAD835-B855-412E-9A10-153451557F8F}.Release|ARM.Build.0 = Release|Any CPU
		{1DFAD835-B855-412E-9A10-153451557F8F}.Release|ARM64.ActiveCfg = Release|Any CPU
		{1DFAD835-B855-412E-9A10-153451557F8F}.Release|ARM64.Build.0 = Release|Any CPU
		{1DFAD835-B855-412E-9A10-153451557F8F}.Release|x64.ActiveCfg = Release|Any CPU
		{1DFAD835-B855-412E-9A10-153451557F8F}.Release|x64.Build.0 = Release|Any CPU
		{1DFAD835-B855-412E-9A10-153451557F8F}.Release|x86.ActiveCfg = Release|Any CPU
		{1DFAD835-B855-412E-9A10-153451557F8F}.Release|x86.Build.0 = Release|Any CPU
		{538F65A6-2CAE-44B7-9C87-3C857623BBDD}.Debug|Any CPU.ActiveCfg = Debug|Any CPU
		{538F65A6-2CAE-44B7-9C87-3C857623BBDD}.Debug|Any CPU.Build.0 = Debug|Any CPU
		{538F65A6-2CAE-44B7-9C87-3C857623BBDD}.Debug|ARM.ActiveCfg = Debug|Any CPU
		{538F65A6-2CAE-44B7-9C87-3C857623BBDD}.Debug|ARM.Build.0 = Debug|Any CPU
		{538F65A6-2CAE-44B7-9C87-3C857623BBDD}.Debug|ARM64.ActiveCfg = Debug|Any CPU
		{538F65A6-2CAE-44B7-9C87-3C857623BBDD}.Debug|ARM64.Build.0 = Debug|Any CPU
		{538F65A6-2CAE-44B7-9C87-3C857623BBDD}.Debug|x64.ActiveCfg = Debug|Any CPU
		{538F65A6-2CAE-44B7-9C87-3C857623BBDD}.Debug|x64.Build.0 = Debug|Any CPU
		{538F65A6-2CAE-44B7-9C87-3C857623BBDD}.Debug|x86.ActiveCfg = Debug|Any CPU
		{538F65A6-2CAE-44B7-9C87-3C857623BBDD}.Debug|x86.Build.0 = Debug|Any CPU
		{538F65A6-2CAE-44B7-9C87-3C857623BBDD}.Release|Any CPU.ActiveCfg = Release|Any CPU
		{538F65A6-2CAE-44B7-9C87-3C857623BBDD}.Release|Any CPU.Build.0 = Release|Any CPU
		{538F65A6-2CAE-44B7-9C87-3C857623BBDD}.Release|ARM.ActiveCfg = Release|Any CPU
		{538F65A6-2CAE-44B7-9C87-3C857623BBDD}.Release|ARM.Build.0 = Release|Any CPU
		{538F65A6-2CAE-44B7-9C87-3C857623BBDD}.Release|ARM64.ActiveCfg = Release|Any CPU
		{538F65A6-2CAE-44B7-9C87-3C857623BBDD}.Release|ARM64.Build.0 = Release|Any CPU
		{538F65A6-2CAE-44B7-9C87-3C857623BBDD}.Release|x64.ActiveCfg = Release|Any CPU
		{538F65A6-2CAE-44B7-9C87-3C857623BBDD}.Release|x64.Build.0 = Release|Any CPU
		{538F65A6-2CAE-44B7-9C87-3C857623BBDD}.Release|x86.ActiveCfg = Release|Any CPU
		{538F65A6-2CAE-44B7-9C87-3C857623BBDD}.Release|x86.Build.0 = Release|Any CPU
		{1FC4715D-2000-47A6-AD82-CEDAAC264660}.Debug|Any CPU.ActiveCfg = Debug|Any CPU
		{1FC4715D-2000-47A6-AD82-CEDAAC264660}.Debug|Any CPU.Build.0 = Debug|Any CPU
		{1FC4715D-2000-47A6-AD82-CEDAAC264660}.Debug|ARM.ActiveCfg = Debug|Any CPU
		{1FC4715D-2000-47A6-AD82-CEDAAC264660}.Debug|ARM.Build.0 = Debug|Any CPU
		{1FC4715D-2000-47A6-AD82-CEDAAC264660}.Debug|ARM64.ActiveCfg = Debug|Any CPU
		{1FC4715D-2000-47A6-AD82-CEDAAC264660}.Debug|ARM64.Build.0 = Debug|Any CPU
		{1FC4715D-2000-47A6-AD82-CEDAAC264660}.Debug|x64.ActiveCfg = Debug|Any CPU
		{1FC4715D-2000-47A6-AD82-CEDAAC264660}.Debug|x64.Build.0 = Debug|Any CPU
		{1FC4715D-2000-47A6-AD82-CEDAAC264660}.Debug|x86.ActiveCfg = Debug|Any CPU
		{1FC4715D-2000-47A6-AD82-CEDAAC264660}.Debug|x86.Build.0 = Debug|Any CPU
		{1FC4715D-2000-47A6-AD82-CEDAAC264660}.Release|Any CPU.ActiveCfg = Release|Any CPU
		{1FC4715D-2000-47A6-AD82-CEDAAC264660}.Release|Any CPU.Build.0 = Release|Any CPU
		{1FC4715D-2000-47A6-AD82-CEDAAC264660}.Release|ARM.ActiveCfg = Release|Any CPU
		{1FC4715D-2000-47A6-AD82-CEDAAC264660}.Release|ARM.Build.0 = Release|Any CPU
		{1FC4715D-2000-47A6-AD82-CEDAAC264660}.Release|ARM64.ActiveCfg = Release|Any CPU
		{1FC4715D-2000-47A6-AD82-CEDAAC264660}.Release|ARM64.Build.0 = Release|Any CPU
		{1FC4715D-2000-47A6-AD82-CEDAAC264660}.Release|x64.ActiveCfg = Release|Any CPU
		{1FC4715D-2000-47A6-AD82-CEDAAC264660}.Release|x64.Build.0 = Release|Any CPU
		{1FC4715D-2000-47A6-AD82-CEDAAC264660}.Release|x86.ActiveCfg = Release|Any CPU
		{1FC4715D-2000-47A6-AD82-CEDAAC264660}.Release|x86.Build.0 = Release|Any CPU
		{76025157-AB3A-4823-AA93-5A9CFF4C52AB}.Debug|Any CPU.ActiveCfg = Debug|Any CPU
		{76025157-AB3A-4823-AA93-5A9CFF4C52AB}.Debug|Any CPU.Build.0 = Debug|Any CPU
		{76025157-AB3A-4823-AA93-5A9CFF4C52AB}.Debug|ARM.ActiveCfg = Debug|Any CPU
		{76025157-AB3A-4823-AA93-5A9CFF4C52AB}.Debug|ARM.Build.0 = Debug|Any CPU
		{76025157-AB3A-4823-AA93-5A9CFF4C52AB}.Debug|ARM64.ActiveCfg = Debug|Any CPU
		{76025157-AB3A-4823-AA93-5A9CFF4C52AB}.Debug|ARM64.Build.0 = Debug|Any CPU
		{76025157-AB3A-4823-AA93-5A9CFF4C52AB}.Debug|x64.ActiveCfg = Debug|Any CPU
		{76025157-AB3A-4823-AA93-5A9CFF4C52AB}.Debug|x64.Build.0 = Debug|Any CPU
		{76025157-AB3A-4823-AA93-5A9CFF4C52AB}.Debug|x86.ActiveCfg = Debug|Any CPU
		{76025157-AB3A-4823-AA93-5A9CFF4C52AB}.Debug|x86.Build.0 = Debug|Any CPU
		{76025157-AB3A-4823-AA93-5A9CFF4C52AB}.Release|Any CPU.ActiveCfg = Release|Any CPU
		{76025157-AB3A-4823-AA93-5A9CFF4C52AB}.Release|Any CPU.Build.0 = Release|Any CPU
		{76025157-AB3A-4823-AA93-5A9CFF4C52AB}.Release|ARM.ActiveCfg = Release|Any CPU
		{76025157-AB3A-4823-AA93-5A9CFF4C52AB}.Release|ARM.Build.0 = Release|Any CPU
		{76025157-AB3A-4823-AA93-5A9CFF4C52AB}.Release|ARM64.ActiveCfg = Release|Any CPU
		{76025157-AB3A-4823-AA93-5A9CFF4C52AB}.Release|ARM64.Build.0 = Release|Any CPU
		{76025157-AB3A-4823-AA93-5A9CFF4C52AB}.Release|x64.ActiveCfg = Release|Any CPU
		{76025157-AB3A-4823-AA93-5A9CFF4C52AB}.Release|x64.Build.0 = Release|Any CPU
		{76025157-AB3A-4823-AA93-5A9CFF4C52AB}.Release|x86.ActiveCfg = Release|Any CPU
		{76025157-AB3A-4823-AA93-5A9CFF4C52AB}.Release|x86.Build.0 = Release|Any CPU
		{32B17A7D-999C-4EB4-A462-32355F9B707E}.Debug|Any CPU.ActiveCfg = Debug|Any CPU
		{32B17A7D-999C-4EB4-A462-32355F9B707E}.Debug|Any CPU.Build.0 = Debug|Any CPU
		{32B17A7D-999C-4EB4-A462-32355F9B707E}.Debug|ARM.ActiveCfg = Debug|Any CPU
		{32B17A7D-999C-4EB4-A462-32355F9B707E}.Debug|ARM.Build.0 = Debug|Any CPU
		{32B17A7D-999C-4EB4-A462-32355F9B707E}.Debug|ARM64.ActiveCfg = Debug|Any CPU
		{32B17A7D-999C-4EB4-A462-32355F9B707E}.Debug|ARM64.Build.0 = Debug|Any CPU
		{32B17A7D-999C-4EB4-A462-32355F9B707E}.Debug|x64.ActiveCfg = Debug|Any CPU
		{32B17A7D-999C-4EB4-A462-32355F9B707E}.Debug|x64.Build.0 = Debug|Any CPU
		{32B17A7D-999C-4EB4-A462-32355F9B707E}.Debug|x86.ActiveCfg = Debug|Any CPU
		{32B17A7D-999C-4EB4-A462-32355F9B707E}.Debug|x86.Build.0 = Debug|Any CPU
		{32B17A7D-999C-4EB4-A462-32355F9B707E}.Release|Any CPU.ActiveCfg = Release|Any CPU
		{32B17A7D-999C-4EB4-A462-32355F9B707E}.Release|Any CPU.Build.0 = Release|Any CPU
		{32B17A7D-999C-4EB4-A462-32355F9B707E}.Release|ARM.ActiveCfg = Release|Any CPU
		{32B17A7D-999C-4EB4-A462-32355F9B707E}.Release|ARM.Build.0 = Release|Any CPU
		{32B17A7D-999C-4EB4-A462-32355F9B707E}.Release|ARM64.ActiveCfg = Release|Any CPU
		{32B17A7D-999C-4EB4-A462-32355F9B707E}.Release|ARM64.Build.0 = Release|Any CPU
		{32B17A7D-999C-4EB4-A462-32355F9B707E}.Release|x64.ActiveCfg = Release|Any CPU
		{32B17A7D-999C-4EB4-A462-32355F9B707E}.Release|x64.Build.0 = Release|Any CPU
		{32B17A7D-999C-4EB4-A462-32355F9B707E}.Release|x86.ActiveCfg = Release|Any CPU
		{32B17A7D-999C-4EB4-A462-32355F9B707E}.Release|x86.Build.0 = Release|Any CPU
		{BC22FD53-37C6-4440-A456-4F7F38579991}.Debug|Any CPU.ActiveCfg = Debug|Any CPU
		{BC22FD53-37C6-4440-A456-4F7F38579991}.Debug|Any CPU.Build.0 = Debug|Any CPU
		{BC22FD53-37C6-4440-A456-4F7F38579991}.Debug|ARM.ActiveCfg = Debug|Any CPU
		{BC22FD53-37C6-4440-A456-4F7F38579991}.Debug|ARM.Build.0 = Debug|Any CPU
		{BC22FD53-37C6-4440-A456-4F7F38579991}.Debug|ARM64.ActiveCfg = Debug|Any CPU
		{BC22FD53-37C6-4440-A456-4F7F38579991}.Debug|ARM64.Build.0 = Debug|Any CPU
		{BC22FD53-37C6-4440-A456-4F7F38579991}.Debug|x64.ActiveCfg = Debug|Any CPU
		{BC22FD53-37C6-4440-A456-4F7F38579991}.Debug|x64.Build.0 = Debug|Any CPU
		{BC22FD53-37C6-4440-A456-4F7F38579991}.Debug|x86.ActiveCfg = Debug|Any CPU
		{BC22FD53-37C6-4440-A456-4F7F38579991}.Debug|x86.Build.0 = Debug|Any CPU
		{BC22FD53-37C6-4440-A456-4F7F38579991}.Release|Any CPU.ActiveCfg = Release|Any CPU
		{BC22FD53-37C6-4440-A456-4F7F38579991}.Release|Any CPU.Build.0 = Release|Any CPU
		{BC22FD53-37C6-4440-A456-4F7F38579991}.Release|ARM.ActiveCfg = Release|Any CPU
		{BC22FD53-37C6-4440-A456-4F7F38579991}.Release|ARM.Build.0 = Release|Any CPU
		{BC22FD53-37C6-4440-A456-4F7F38579991}.Release|ARM64.ActiveCfg = Release|Any CPU
		{BC22FD53-37C6-4440-A456-4F7F38579991}.Release|ARM64.Build.0 = Release|Any CPU
		{BC22FD53-37C6-4440-A456-4F7F38579991}.Release|x64.ActiveCfg = Release|Any CPU
		{BC22FD53-37C6-4440-A456-4F7F38579991}.Release|x64.Build.0 = Release|Any CPU
		{BC22FD53-37C6-4440-A456-4F7F38579991}.Release|x86.ActiveCfg = Release|Any CPU
		{BC22FD53-37C6-4440-A456-4F7F38579991}.Release|x86.Build.0 = Release|Any CPU
		{78D96E31-5955-4CF6-8044-F77E42CD9AF7}.Debug|Any CPU.ActiveCfg = Debug|Any CPU
		{78D96E31-5955-4CF6-8044-F77E42CD9AF7}.Debug|Any CPU.Build.0 = Debug|Any CPU
		{78D96E31-5955-4CF6-8044-F77E42CD9AF7}.Debug|ARM.ActiveCfg = Debug|Any CPU
		{78D96E31-5955-4CF6-8044-F77E42CD9AF7}.Debug|ARM.Build.0 = Debug|Any CPU
		{78D96E31-5955-4CF6-8044-F77E42CD9AF7}.Debug|ARM64.ActiveCfg = Debug|Any CPU
		{78D96E31-5955-4CF6-8044-F77E42CD9AF7}.Debug|ARM64.Build.0 = Debug|Any CPU
		{78D96E31-5955-4CF6-8044-F77E42CD9AF7}.Debug|x64.ActiveCfg = Debug|Any CPU
		{78D96E31-5955-4CF6-8044-F77E42CD9AF7}.Debug|x64.Build.0 = Debug|Any CPU
		{78D96E31-5955-4CF6-8044-F77E42CD9AF7}.Debug|x86.ActiveCfg = Debug|Any CPU
		{78D96E31-5955-4CF6-8044-F77E42CD9AF7}.Debug|x86.Build.0 = Debug|Any CPU
		{78D96E31-5955-4CF6-8044-F77E42CD9AF7}.Release|Any CPU.ActiveCfg = Release|Any CPU
		{78D96E31-5955-4CF6-8044-F77E42CD9AF7}.Release|Any CPU.Build.0 = Release|Any CPU
		{78D96E31-5955-4CF6-8044-F77E42CD9AF7}.Release|ARM.ActiveCfg = Release|Any CPU
		{78D96E31-5955-4CF6-8044-F77E42CD9AF7}.Release|ARM.Build.0 = Release|Any CPU
		{78D96E31-5955-4CF6-8044-F77E42CD9AF7}.Release|ARM64.ActiveCfg = Release|Any CPU
		{78D96E31-5955-4CF6-8044-F77E42CD9AF7}.Release|ARM64.Build.0 = Release|Any CPU
		{78D96E31-5955-4CF6-8044-F77E42CD9AF7}.Release|x64.ActiveCfg = Release|Any CPU
		{78D96E31-5955-4CF6-8044-F77E42CD9AF7}.Release|x64.Build.0 = Release|Any CPU
		{78D96E31-5955-4CF6-8044-F77E42CD9AF7}.Release|x86.ActiveCfg = Release|Any CPU
		{78D96E31-5955-4CF6-8044-F77E42CD9AF7}.Release|x86.Build.0 = Release|Any CPU
		{264C9B4D-D6EF-4483-AA1F-759CF4003A1C}.Debug|Any CPU.ActiveCfg = Debug|Any CPU
		{264C9B4D-D6EF-4483-AA1F-759CF4003A1C}.Debug|Any CPU.Build.0 = Debug|Any CPU
		{264C9B4D-D6EF-4483-AA1F-759CF4003A1C}.Debug|ARM.ActiveCfg = Debug|Any CPU
		{264C9B4D-D6EF-4483-AA1F-759CF4003A1C}.Debug|ARM.Build.0 = Debug|Any CPU
		{264C9B4D-D6EF-4483-AA1F-759CF4003A1C}.Debug|ARM64.ActiveCfg = Debug|Any CPU
		{264C9B4D-D6EF-4483-AA1F-759CF4003A1C}.Debug|ARM64.Build.0 = Debug|Any CPU
		{264C9B4D-D6EF-4483-AA1F-759CF4003A1C}.Debug|x64.ActiveCfg = Debug|Any CPU
		{264C9B4D-D6EF-4483-AA1F-759CF4003A1C}.Debug|x64.Build.0 = Debug|Any CPU
		{264C9B4D-D6EF-4483-AA1F-759CF4003A1C}.Debug|x86.ActiveCfg = Debug|Any CPU
		{264C9B4D-D6EF-4483-AA1F-759CF4003A1C}.Debug|x86.Build.0 = Debug|Any CPU
		{264C9B4D-D6EF-4483-AA1F-759CF4003A1C}.Release|Any CPU.ActiveCfg = Release|Any CPU
		{264C9B4D-D6EF-4483-AA1F-759CF4003A1C}.Release|Any CPU.Build.0 = Release|Any CPU
		{264C9B4D-D6EF-4483-AA1F-759CF4003A1C}.Release|ARM.ActiveCfg = Release|Any CPU
		{264C9B4D-D6EF-4483-AA1F-759CF4003A1C}.Release|ARM.Build.0 = Release|Any CPU
		{264C9B4D-D6EF-4483-AA1F-759CF4003A1C}.Release|ARM64.ActiveCfg = Release|Any CPU
		{264C9B4D-D6EF-4483-AA1F-759CF4003A1C}.Release|ARM64.Build.0 = Release|Any CPU
		{264C9B4D-D6EF-4483-AA1F-759CF4003A1C}.Release|x64.ActiveCfg = Release|Any CPU
		{264C9B4D-D6EF-4483-AA1F-759CF4003A1C}.Release|x64.Build.0 = Release|Any CPU
		{264C9B4D-D6EF-4483-AA1F-759CF4003A1C}.Release|x86.ActiveCfg = Release|Any CPU
		{264C9B4D-D6EF-4483-AA1F-759CF4003A1C}.Release|x86.Build.0 = Release|Any CPU
		{AB50C3CB-085F-49A4-92FA-B2B857AA4B79}.Debug|Any CPU.ActiveCfg = Debug|Any CPU
		{AB50C3CB-085F-49A4-92FA-B2B857AA4B79}.Debug|Any CPU.Build.0 = Debug|Any CPU
		{AB50C3CB-085F-49A4-92FA-B2B857AA4B79}.Debug|ARM.ActiveCfg = Debug|Any CPU
		{AB50C3CB-085F-49A4-92FA-B2B857AA4B79}.Debug|ARM.Build.0 = Debug|Any CPU
		{AB50C3CB-085F-49A4-92FA-B2B857AA4B79}.Debug|ARM64.ActiveCfg = Debug|Any CPU
		{AB50C3CB-085F-49A4-92FA-B2B857AA4B79}.Debug|ARM64.Build.0 = Debug|Any CPU
		{AB50C3CB-085F-49A4-92FA-B2B857AA4B79}.Debug|x64.ActiveCfg = Debug|Any CPU
		{AB50C3CB-085F-49A4-92FA-B2B857AA4B79}.Debug|x64.Build.0 = Debug|Any CPU
		{AB50C3CB-085F-49A4-92FA-B2B857AA4B79}.Debug|x86.ActiveCfg = Debug|Any CPU
		{AB50C3CB-085F-49A4-92FA-B2B857AA4B79}.Debug|x86.Build.0 = Debug|Any CPU
		{AB50C3CB-085F-49A4-92FA-B2B857AA4B79}.Release|Any CPU.ActiveCfg = Release|Any CPU
		{AB50C3CB-085F-49A4-92FA-B2B857AA4B79}.Release|Any CPU.Build.0 = Release|Any CPU
		{AB50C3CB-085F-49A4-92FA-B2B857AA4B79}.Release|ARM.ActiveCfg = Release|Any CPU
		{AB50C3CB-085F-49A4-92FA-B2B857AA4B79}.Release|ARM.Build.0 = Release|Any CPU
		{AB50C3CB-085F-49A4-92FA-B2B857AA4B79}.Release|ARM64.ActiveCfg = Release|Any CPU
		{AB50C3CB-085F-49A4-92FA-B2B857AA4B79}.Release|ARM64.Build.0 = Release|Any CPU
		{AB50C3CB-085F-49A4-92FA-B2B857AA4B79}.Release|x64.ActiveCfg = Release|Any CPU
		{AB50C3CB-085F-49A4-92FA-B2B857AA4B79}.Release|x64.Build.0 = Release|Any CPU
		{AB50C3CB-085F-49A4-92FA-B2B857AA4B79}.Release|x86.ActiveCfg = Release|Any CPU
		{AB50C3CB-085F-49A4-92FA-B2B857AA4B79}.Release|x86.Build.0 = Release|Any CPU
		{E872EB7A-8161-4B03-9A76-FD626BC59203}.Debug|Any CPU.ActiveCfg = Debug|Any CPU
		{E872EB7A-8161-4B03-9A76-FD626BC59203}.Debug|Any CPU.Build.0 = Debug|Any CPU
		{E872EB7A-8161-4B03-9A76-FD626BC59203}.Debug|ARM.ActiveCfg = Debug|Any CPU
		{E872EB7A-8161-4B03-9A76-FD626BC59203}.Debug|ARM.Build.0 = Debug|Any CPU
		{E872EB7A-8161-4B03-9A76-FD626BC59203}.Debug|ARM64.ActiveCfg = Debug|Any CPU
		{E872EB7A-8161-4B03-9A76-FD626BC59203}.Debug|ARM64.Build.0 = Debug|Any CPU
		{E872EB7A-8161-4B03-9A76-FD626BC59203}.Debug|x64.ActiveCfg = Debug|Any CPU
		{E872EB7A-8161-4B03-9A76-FD626BC59203}.Debug|x64.Build.0 = Debug|Any CPU
		{E872EB7A-8161-4B03-9A76-FD626BC59203}.Debug|x86.ActiveCfg = Debug|Any CPU
		{E872EB7A-8161-4B03-9A76-FD626BC59203}.Debug|x86.Build.0 = Debug|Any CPU
		{E872EB7A-8161-4B03-9A76-FD626BC59203}.Release|Any CPU.ActiveCfg = Release|Any CPU
		{E872EB7A-8161-4B03-9A76-FD626BC59203}.Release|Any CPU.Build.0 = Release|Any CPU
		{E872EB7A-8161-4B03-9A76-FD626BC59203}.Release|ARM.ActiveCfg = Release|Any CPU
		{E872EB7A-8161-4B03-9A76-FD626BC59203}.Release|ARM.Build.0 = Release|Any CPU
		{E872EB7A-8161-4B03-9A76-FD626BC59203}.Release|ARM64.ActiveCfg = Release|Any CPU
		{E872EB7A-8161-4B03-9A76-FD626BC59203}.Release|ARM64.Build.0 = Release|Any CPU
		{E872EB7A-8161-4B03-9A76-FD626BC59203}.Release|x64.ActiveCfg = Release|Any CPU
		{E872EB7A-8161-4B03-9A76-FD626BC59203}.Release|x64.Build.0 = Release|Any CPU
		{E872EB7A-8161-4B03-9A76-FD626BC59203}.Release|x86.ActiveCfg = Release|Any CPU
		{E872EB7A-8161-4B03-9A76-FD626BC59203}.Release|x86.Build.0 = Release|Any CPU
		{95F1A72F-E5D6-47D8-89A2-0BCE758780F4}.Debug|Any CPU.ActiveCfg = Debug|Any CPU
		{95F1A72F-E5D6-47D8-89A2-0BCE758780F4}.Debug|Any CPU.Build.0 = Debug|Any CPU
		{95F1A72F-E5D6-47D8-89A2-0BCE758780F4}.Debug|ARM.ActiveCfg = Debug|Any CPU
		{95F1A72F-E5D6-47D8-89A2-0BCE758780F4}.Debug|ARM.Build.0 = Debug|Any CPU
		{95F1A72F-E5D6-47D8-89A2-0BCE758780F4}.Debug|ARM64.ActiveCfg = Debug|Any CPU
		{95F1A72F-E5D6-47D8-89A2-0BCE758780F4}.Debug|ARM64.Build.0 = Debug|Any CPU
		{95F1A72F-E5D6-47D8-89A2-0BCE758780F4}.Debug|x64.ActiveCfg = Debug|Any CPU
		{95F1A72F-E5D6-47D8-89A2-0BCE758780F4}.Debug|x64.Build.0 = Debug|Any CPU
		{95F1A72F-E5D6-47D8-89A2-0BCE758780F4}.Debug|x86.ActiveCfg = Debug|Any CPU
		{95F1A72F-E5D6-47D8-89A2-0BCE758780F4}.Debug|x86.Build.0 = Debug|Any CPU
		{95F1A72F-E5D6-47D8-89A2-0BCE758780F4}.Release|Any CPU.ActiveCfg = Release|Any CPU
		{95F1A72F-E5D6-47D8-89A2-0BCE758780F4}.Release|Any CPU.Build.0 = Release|Any CPU
		{95F1A72F-E5D6-47D8-89A2-0BCE758780F4}.Release|ARM.ActiveCfg = Release|Any CPU
		{95F1A72F-E5D6-47D8-89A2-0BCE758780F4}.Release|ARM.Build.0 = Release|Any CPU
		{95F1A72F-E5D6-47D8-89A2-0BCE758780F4}.Release|ARM64.ActiveCfg = Release|Any CPU
		{95F1A72F-E5D6-47D8-89A2-0BCE758780F4}.Release|ARM64.Build.0 = Release|Any CPU
		{95F1A72F-E5D6-47D8-89A2-0BCE758780F4}.Release|x64.ActiveCfg = Release|Any CPU
		{95F1A72F-E5D6-47D8-89A2-0BCE758780F4}.Release|x64.Build.0 = Release|Any CPU
		{95F1A72F-E5D6-47D8-89A2-0BCE758780F4}.Release|x86.ActiveCfg = Release|Any CPU
		{95F1A72F-E5D6-47D8-89A2-0BCE758780F4}.Release|x86.Build.0 = Release|Any CPU
		{FBFFFB1E-FDB8-4506-A3B3-51FC3FF0DCC4}.Debug|Any CPU.ActiveCfg = Debug|Any CPU
		{FBFFFB1E-FDB8-4506-A3B3-51FC3FF0DCC4}.Debug|Any CPU.Build.0 = Debug|Any CPU
		{FBFFFB1E-FDB8-4506-A3B3-51FC3FF0DCC4}.Debug|ARM.ActiveCfg = Debug|Any CPU
		{FBFFFB1E-FDB8-4506-A3B3-51FC3FF0DCC4}.Debug|ARM.Build.0 = Debug|Any CPU
		{FBFFFB1E-FDB8-4506-A3B3-51FC3FF0DCC4}.Debug|ARM64.ActiveCfg = Debug|Any CPU
		{FBFFFB1E-FDB8-4506-A3B3-51FC3FF0DCC4}.Debug|ARM64.Build.0 = Debug|Any CPU
		{FBFFFB1E-FDB8-4506-A3B3-51FC3FF0DCC4}.Debug|x64.ActiveCfg = Debug|Any CPU
		{FBFFFB1E-FDB8-4506-A3B3-51FC3FF0DCC4}.Debug|x64.Build.0 = Debug|Any CPU
		{FBFFFB1E-FDB8-4506-A3B3-51FC3FF0DCC4}.Debug|x86.ActiveCfg = Debug|Any CPU
		{FBFFFB1E-FDB8-4506-A3B3-51FC3FF0DCC4}.Debug|x86.Build.0 = Debug|Any CPU
		{FBFFFB1E-FDB8-4506-A3B3-51FC3FF0DCC4}.Release|Any CPU.ActiveCfg = Release|Any CPU
		{FBFFFB1E-FDB8-4506-A3B3-51FC3FF0DCC4}.Release|Any CPU.Build.0 = Release|Any CPU
		{FBFFFB1E-FDB8-4506-A3B3-51FC3FF0DCC4}.Release|ARM.ActiveCfg = Release|Any CPU
		{FBFFFB1E-FDB8-4506-A3B3-51FC3FF0DCC4}.Release|ARM.Build.0 = Release|Any CPU
		{FBFFFB1E-FDB8-4506-A3B3-51FC3FF0DCC4}.Release|ARM64.ActiveCfg = Release|Any CPU
		{FBFFFB1E-FDB8-4506-A3B3-51FC3FF0DCC4}.Release|ARM64.Build.0 = Release|Any CPU
		{FBFFFB1E-FDB8-4506-A3B3-51FC3FF0DCC4}.Release|x64.ActiveCfg = Release|Any CPU
		{FBFFFB1E-FDB8-4506-A3B3-51FC3FF0DCC4}.Release|x64.Build.0 = Release|Any CPU
		{FBFFFB1E-FDB8-4506-A3B3-51FC3FF0DCC4}.Release|x86.ActiveCfg = Release|Any CPU
		{FBFFFB1E-FDB8-4506-A3B3-51FC3FF0DCC4}.Release|x86.Build.0 = Release|Any CPU
		{4FA29A2E-B707-49BF-A7B6-92FEEDD1B570}.Debug|Any CPU.ActiveCfg = Debug|Any CPU
		{4FA29A2E-B707-49BF-A7B6-92FEEDD1B570}.Debug|Any CPU.Build.0 = Debug|Any CPU
		{4FA29A2E-B707-49BF-A7B6-92FEEDD1B570}.Debug|ARM.ActiveCfg = Debug|Any CPU
		{4FA29A2E-B707-49BF-A7B6-92FEEDD1B570}.Debug|ARM.Build.0 = Debug|Any CPU
		{4FA29A2E-B707-49BF-A7B6-92FEEDD1B570}.Debug|ARM64.ActiveCfg = Debug|Any CPU
		{4FA29A2E-B707-49BF-A7B6-92FEEDD1B570}.Debug|ARM64.Build.0 = Debug|Any CPU
		{4FA29A2E-B707-49BF-A7B6-92FEEDD1B570}.Debug|x64.ActiveCfg = Debug|Any CPU
		{4FA29A2E-B707-49BF-A7B6-92FEEDD1B570}.Debug|x64.Build.0 = Debug|Any CPU
		{4FA29A2E-B707-49BF-A7B6-92FEEDD1B570}.Debug|x86.ActiveCfg = Debug|Any CPU
		{4FA29A2E-B707-49BF-A7B6-92FEEDD1B570}.Debug|x86.Build.0 = Debug|Any CPU
		{4FA29A2E-B707-49BF-A7B6-92FEEDD1B570}.Release|Any CPU.ActiveCfg = Release|Any CPU
		{4FA29A2E-B707-49BF-A7B6-92FEEDD1B570}.Release|Any CPU.Build.0 = Release|Any CPU
		{4FA29A2E-B707-49BF-A7B6-92FEEDD1B570}.Release|ARM.ActiveCfg = Release|Any CPU
		{4FA29A2E-B707-49BF-A7B6-92FEEDD1B570}.Release|ARM.Build.0 = Release|Any CPU
		{4FA29A2E-B707-49BF-A7B6-92FEEDD1B570}.Release|ARM64.ActiveCfg = Release|Any CPU
		{4FA29A2E-B707-49BF-A7B6-92FEEDD1B570}.Release|ARM64.Build.0 = Release|Any CPU
		{4FA29A2E-B707-49BF-A7B6-92FEEDD1B570}.Release|x64.ActiveCfg = Release|Any CPU
		{4FA29A2E-B707-49BF-A7B6-92FEEDD1B570}.Release|x64.Build.0 = Release|Any CPU
		{4FA29A2E-B707-49BF-A7B6-92FEEDD1B570}.Release|x86.ActiveCfg = Release|Any CPU
		{4FA29A2E-B707-49BF-A7B6-92FEEDD1B570}.Release|x86.Build.0 = Release|Any CPU
		{1FB3F170-3CB2-4FB9-891A-B262744082F9}.Debug|Any CPU.ActiveCfg = Debug|Any CPU
		{1FB3F170-3CB2-4FB9-891A-B262744082F9}.Debug|Any CPU.Build.0 = Debug|Any CPU
		{1FB3F170-3CB2-4FB9-891A-B262744082F9}.Debug|ARM.ActiveCfg = Debug|Any CPU
		{1FB3F170-3CB2-4FB9-891A-B262744082F9}.Debug|ARM.Build.0 = Debug|Any CPU
		{1FB3F170-3CB2-4FB9-891A-B262744082F9}.Debug|ARM64.ActiveCfg = Debug|Any CPU
		{1FB3F170-3CB2-4FB9-891A-B262744082F9}.Debug|ARM64.Build.0 = Debug|Any CPU
		{1FB3F170-3CB2-4FB9-891A-B262744082F9}.Debug|x64.ActiveCfg = Debug|Any CPU
		{1FB3F170-3CB2-4FB9-891A-B262744082F9}.Debug|x64.Build.0 = Debug|Any CPU
		{1FB3F170-3CB2-4FB9-891A-B262744082F9}.Debug|x86.ActiveCfg = Debug|Any CPU
		{1FB3F170-3CB2-4FB9-891A-B262744082F9}.Debug|x86.Build.0 = Debug|Any CPU
		{1FB3F170-3CB2-4FB9-891A-B262744082F9}.Release|Any CPU.ActiveCfg = Release|Any CPU
		{1FB3F170-3CB2-4FB9-891A-B262744082F9}.Release|Any CPU.Build.0 = Release|Any CPU
		{1FB3F170-3CB2-4FB9-891A-B262744082F9}.Release|ARM.ActiveCfg = Release|Any CPU
		{1FB3F170-3CB2-4FB9-891A-B262744082F9}.Release|ARM.Build.0 = Release|Any CPU
		{1FB3F170-3CB2-4FB9-891A-B262744082F9}.Release|ARM64.ActiveCfg = Release|Any CPU
		{1FB3F170-3CB2-4FB9-891A-B262744082F9}.Release|ARM64.Build.0 = Release|Any CPU
		{1FB3F170-3CB2-4FB9-891A-B262744082F9}.Release|x64.ActiveCfg = Release|Any CPU
		{1FB3F170-3CB2-4FB9-891A-B262744082F9}.Release|x64.Build.0 = Release|Any CPU
		{1FB3F170-3CB2-4FB9-891A-B262744082F9}.Release|x86.ActiveCfg = Release|Any CPU
		{1FB3F170-3CB2-4FB9-891A-B262744082F9}.Release|x86.Build.0 = Release|Any CPU
		{24839D3D-EBAB-427D-BBB2-2D8C1413A8FB}.Debug|Any CPU.ActiveCfg = Debug|Any CPU
		{24839D3D-EBAB-427D-BBB2-2D8C1413A8FB}.Debug|Any CPU.Build.0 = Debug|Any CPU
		{24839D3D-EBAB-427D-BBB2-2D8C1413A8FB}.Debug|ARM.ActiveCfg = Debug|Any CPU
		{24839D3D-EBAB-427D-BBB2-2D8C1413A8FB}.Debug|ARM.Build.0 = Debug|Any CPU
		{24839D3D-EBAB-427D-BBB2-2D8C1413A8FB}.Debug|ARM64.ActiveCfg = Debug|Any CPU
		{24839D3D-EBAB-427D-BBB2-2D8C1413A8FB}.Debug|ARM64.Build.0 = Debug|Any CPU
		{24839D3D-EBAB-427D-BBB2-2D8C1413A8FB}.Debug|x64.ActiveCfg = Debug|Any CPU
		{24839D3D-EBAB-427D-BBB2-2D8C1413A8FB}.Debug|x64.Build.0 = Debug|Any CPU
		{24839D3D-EBAB-427D-BBB2-2D8C1413A8FB}.Debug|x86.ActiveCfg = Debug|Any CPU
		{24839D3D-EBAB-427D-BBB2-2D8C1413A8FB}.Debug|x86.Build.0 = Debug|Any CPU
		{24839D3D-EBAB-427D-BBB2-2D8C1413A8FB}.Release|Any CPU.ActiveCfg = Release|Any CPU
		{24839D3D-EBAB-427D-BBB2-2D8C1413A8FB}.Release|Any CPU.Build.0 = Release|Any CPU
		{24839D3D-EBAB-427D-BBB2-2D8C1413A8FB}.Release|ARM.ActiveCfg = Release|Any CPU
		{24839D3D-EBAB-427D-BBB2-2D8C1413A8FB}.Release|ARM.Build.0 = Release|Any CPU
		{24839D3D-EBAB-427D-BBB2-2D8C1413A8FB}.Release|ARM64.ActiveCfg = Release|Any CPU
		{24839D3D-EBAB-427D-BBB2-2D8C1413A8FB}.Release|ARM64.Build.0 = Release|Any CPU
		{24839D3D-EBAB-427D-BBB2-2D8C1413A8FB}.Release|x64.ActiveCfg = Release|Any CPU
		{24839D3D-EBAB-427D-BBB2-2D8C1413A8FB}.Release|x64.Build.0 = Release|Any CPU
		{24839D3D-EBAB-427D-BBB2-2D8C1413A8FB}.Release|x86.ActiveCfg = Release|Any CPU
		{24839D3D-EBAB-427D-BBB2-2D8C1413A8FB}.Release|x86.Build.0 = Release|Any CPU
		{EAF8817A-20CE-4435-B9D9-CC22F6B4AB34}.Debug|Any CPU.ActiveCfg = Debug|Any CPU
		{EAF8817A-20CE-4435-B9D9-CC22F6B4AB34}.Debug|Any CPU.Build.0 = Debug|Any CPU
		{EAF8817A-20CE-4435-B9D9-CC22F6B4AB34}.Debug|ARM.ActiveCfg = Debug|Any CPU
		{EAF8817A-20CE-4435-B9D9-CC22F6B4AB34}.Debug|ARM.Build.0 = Debug|Any CPU
		{EAF8817A-20CE-4435-B9D9-CC22F6B4AB34}.Debug|ARM64.ActiveCfg = Debug|Any CPU
		{EAF8817A-20CE-4435-B9D9-CC22F6B4AB34}.Debug|ARM64.Build.0 = Debug|Any CPU
		{EAF8817A-20CE-4435-B9D9-CC22F6B4AB34}.Debug|x64.ActiveCfg = Debug|Any CPU
		{EAF8817A-20CE-4435-B9D9-CC22F6B4AB34}.Debug|x64.Build.0 = Debug|Any CPU
		{EAF8817A-20CE-4435-B9D9-CC22F6B4AB34}.Debug|x86.ActiveCfg = Debug|Any CPU
		{EAF8817A-20CE-4435-B9D9-CC22F6B4AB34}.Debug|x86.Build.0 = Debug|Any CPU
		{EAF8817A-20CE-4435-B9D9-CC22F6B4AB34}.Release|Any CPU.ActiveCfg = Release|Any CPU
		{EAF8817A-20CE-4435-B9D9-CC22F6B4AB34}.Release|Any CPU.Build.0 = Release|Any CPU
		{EAF8817A-20CE-4435-B9D9-CC22F6B4AB34}.Release|ARM.ActiveCfg = Release|Any CPU
		{EAF8817A-20CE-4435-B9D9-CC22F6B4AB34}.Release|ARM.Build.0 = Release|Any CPU
		{EAF8817A-20CE-4435-B9D9-CC22F6B4AB34}.Release|ARM64.ActiveCfg = Release|Any CPU
		{EAF8817A-20CE-4435-B9D9-CC22F6B4AB34}.Release|ARM64.Build.0 = Release|Any CPU
		{EAF8817A-20CE-4435-B9D9-CC22F6B4AB34}.Release|x64.ActiveCfg = Release|Any CPU
		{EAF8817A-20CE-4435-B9D9-CC22F6B4AB34}.Release|x64.Build.0 = Release|Any CPU
		{EAF8817A-20CE-4435-B9D9-CC22F6B4AB34}.Release|x86.ActiveCfg = Release|Any CPU
		{EAF8817A-20CE-4435-B9D9-CC22F6B4AB34}.Release|x86.Build.0 = Release|Any CPU
		{9D431D68-03F2-4CDF-8F69-75805B115FA1}.Debug|Any CPU.ActiveCfg = Debug|Any CPU
		{9D431D68-03F2-4CDF-8F69-75805B115FA1}.Debug|Any CPU.Build.0 = Debug|Any CPU
		{9D431D68-03F2-4CDF-8F69-75805B115FA1}.Debug|ARM.ActiveCfg = Debug|Any CPU
		{9D431D68-03F2-4CDF-8F69-75805B115FA1}.Debug|ARM.Build.0 = Debug|Any CPU
		{9D431D68-03F2-4CDF-8F69-75805B115FA1}.Debug|ARM64.ActiveCfg = Debug|Any CPU
		{9D431D68-03F2-4CDF-8F69-75805B115FA1}.Debug|ARM64.Build.0 = Debug|Any CPU
		{9D431D68-03F2-4CDF-8F69-75805B115FA1}.Debug|x64.ActiveCfg = Debug|Any CPU
		{9D431D68-03F2-4CDF-8F69-75805B115FA1}.Debug|x64.Build.0 = Debug|Any CPU
		{9D431D68-03F2-4CDF-8F69-75805B115FA1}.Debug|x86.ActiveCfg = Debug|Any CPU
		{9D431D68-03F2-4CDF-8F69-75805B115FA1}.Debug|x86.Build.0 = Debug|Any CPU
		{9D431D68-03F2-4CDF-8F69-75805B115FA1}.Release|Any CPU.ActiveCfg = Release|Any CPU
		{9D431D68-03F2-4CDF-8F69-75805B115FA1}.Release|Any CPU.Build.0 = Release|Any CPU
		{9D431D68-03F2-4CDF-8F69-75805B115FA1}.Release|ARM.ActiveCfg = Release|Any CPU
		{9D431D68-03F2-4CDF-8F69-75805B115FA1}.Release|ARM.Build.0 = Release|Any CPU
		{9D431D68-03F2-4CDF-8F69-75805B115FA1}.Release|ARM64.ActiveCfg = Release|Any CPU
		{9D431D68-03F2-4CDF-8F69-75805B115FA1}.Release|ARM64.Build.0 = Release|Any CPU
		{9D431D68-03F2-4CDF-8F69-75805B115FA1}.Release|x64.ActiveCfg = Release|Any CPU
		{9D431D68-03F2-4CDF-8F69-75805B115FA1}.Release|x64.Build.0 = Release|Any CPU
		{9D431D68-03F2-4CDF-8F69-75805B115FA1}.Release|x86.ActiveCfg = Release|Any CPU
		{9D431D68-03F2-4CDF-8F69-75805B115FA1}.Release|x86.Build.0 = Release|Any CPU
		{A65D7039-D1C4-4C8E-A7F1-9C09479DB5CE}.Debug|Any CPU.ActiveCfg = Debug|Any CPU
		{A65D7039-D1C4-4C8E-A7F1-9C09479DB5CE}.Debug|Any CPU.Build.0 = Debug|Any CPU
		{A65D7039-D1C4-4C8E-A7F1-9C09479DB5CE}.Debug|ARM.ActiveCfg = Debug|Any CPU
		{A65D7039-D1C4-4C8E-A7F1-9C09479DB5CE}.Debug|ARM.Build.0 = Debug|Any CPU
		{A65D7039-D1C4-4C8E-A7F1-9C09479DB5CE}.Debug|ARM64.ActiveCfg = Debug|Any CPU
		{A65D7039-D1C4-4C8E-A7F1-9C09479DB5CE}.Debug|ARM64.Build.0 = Debug|Any CPU
		{A65D7039-D1C4-4C8E-A7F1-9C09479DB5CE}.Debug|x64.ActiveCfg = Debug|Any CPU
		{A65D7039-D1C4-4C8E-A7F1-9C09479DB5CE}.Debug|x64.Build.0 = Debug|Any CPU
		{A65D7039-D1C4-4C8E-A7F1-9C09479DB5CE}.Debug|x86.ActiveCfg = Debug|Any CPU
		{A65D7039-D1C4-4C8E-A7F1-9C09479DB5CE}.Debug|x86.Build.0 = Debug|Any CPU
		{A65D7039-D1C4-4C8E-A7F1-9C09479DB5CE}.Release|Any CPU.ActiveCfg = Release|Any CPU
		{A65D7039-D1C4-4C8E-A7F1-9C09479DB5CE}.Release|Any CPU.Build.0 = Release|Any CPU
		{A65D7039-D1C4-4C8E-A7F1-9C09479DB5CE}.Release|ARM.ActiveCfg = Release|Any CPU
		{A65D7039-D1C4-4C8E-A7F1-9C09479DB5CE}.Release|ARM.Build.0 = Release|Any CPU
		{A65D7039-D1C4-4C8E-A7F1-9C09479DB5CE}.Release|ARM64.ActiveCfg = Release|Any CPU
		{A65D7039-D1C4-4C8E-A7F1-9C09479DB5CE}.Release|ARM64.Build.0 = Release|Any CPU
		{A65D7039-D1C4-4C8E-A7F1-9C09479DB5CE}.Release|x64.ActiveCfg = Release|Any CPU
		{A65D7039-D1C4-4C8E-A7F1-9C09479DB5CE}.Release|x64.Build.0 = Release|Any CPU
		{A65D7039-D1C4-4C8E-A7F1-9C09479DB5CE}.Release|x86.ActiveCfg = Release|Any CPU
		{A65D7039-D1C4-4C8E-A7F1-9C09479DB5CE}.Release|x86.Build.0 = Release|Any CPU
		{E44616EE-525F-4F06-ABA2-B0F25D2F0AFE}.Debug|Any CPU.ActiveCfg = Debug|Any CPU
		{E44616EE-525F-4F06-ABA2-B0F25D2F0AFE}.Debug|Any CPU.Build.0 = Debug|Any CPU
		{E44616EE-525F-4F06-ABA2-B0F25D2F0AFE}.Debug|ARM.ActiveCfg = Debug|Any CPU
		{E44616EE-525F-4F06-ABA2-B0F25D2F0AFE}.Debug|ARM.Build.0 = Debug|Any CPU
		{E44616EE-525F-4F06-ABA2-B0F25D2F0AFE}.Debug|ARM64.ActiveCfg = Debug|Any CPU
		{E44616EE-525F-4F06-ABA2-B0F25D2F0AFE}.Debug|ARM64.Build.0 = Debug|Any CPU
		{E44616EE-525F-4F06-ABA2-B0F25D2F0AFE}.Debug|x64.ActiveCfg = Debug|Any CPU
		{E44616EE-525F-4F06-ABA2-B0F25D2F0AFE}.Debug|x64.Build.0 = Debug|Any CPU
		{E44616EE-525F-4F06-ABA2-B0F25D2F0AFE}.Debug|x86.ActiveCfg = Debug|Any CPU
		{E44616EE-525F-4F06-ABA2-B0F25D2F0AFE}.Debug|x86.Build.0 = Debug|Any CPU
		{E44616EE-525F-4F06-ABA2-B0F25D2F0AFE}.Release|Any CPU.ActiveCfg = Release|Any CPU
		{E44616EE-525F-4F06-ABA2-B0F25D2F0AFE}.Release|Any CPU.Build.0 = Release|Any CPU
		{E44616EE-525F-4F06-ABA2-B0F25D2F0AFE}.Release|ARM.ActiveCfg = Release|Any CPU
		{E44616EE-525F-4F06-ABA2-B0F25D2F0AFE}.Release|ARM.Build.0 = Release|Any CPU
		{E44616EE-525F-4F06-ABA2-B0F25D2F0AFE}.Release|ARM64.ActiveCfg = Release|Any CPU
		{E44616EE-525F-4F06-ABA2-B0F25D2F0AFE}.Release|ARM64.Build.0 = Release|Any CPU
		{E44616EE-525F-4F06-ABA2-B0F25D2F0AFE}.Release|x64.ActiveCfg = Release|Any CPU
		{E44616EE-525F-4F06-ABA2-B0F25D2F0AFE}.Release|x64.Build.0 = Release|Any CPU
		{E44616EE-525F-4F06-ABA2-B0F25D2F0AFE}.Release|x86.ActiveCfg = Release|Any CPU
		{E44616EE-525F-4F06-ABA2-B0F25D2F0AFE}.Release|x86.Build.0 = Release|Any CPU
		{884664EC-0ADE-42B4-AD84-E165F7A6A5BF}.Debug|Any CPU.ActiveCfg = Debug|Any CPU
		{884664EC-0ADE-42B4-AD84-E165F7A6A5BF}.Debug|Any CPU.Build.0 = Debug|Any CPU
		{884664EC-0ADE-42B4-AD84-E165F7A6A5BF}.Debug|ARM.ActiveCfg = Debug|Any CPU
		{884664EC-0ADE-42B4-AD84-E165F7A6A5BF}.Debug|ARM.Build.0 = Debug|Any CPU
		{884664EC-0ADE-42B4-AD84-E165F7A6A5BF}.Debug|ARM64.ActiveCfg = Debug|Any CPU
		{884664EC-0ADE-42B4-AD84-E165F7A6A5BF}.Debug|ARM64.Build.0 = Debug|Any CPU
		{884664EC-0ADE-42B4-AD84-E165F7A6A5BF}.Debug|x64.ActiveCfg = Debug|Any CPU
		{884664EC-0ADE-42B4-AD84-E165F7A6A5BF}.Debug|x64.Build.0 = Debug|Any CPU
		{884664EC-0ADE-42B4-AD84-E165F7A6A5BF}.Debug|x86.ActiveCfg = Debug|Any CPU
		{884664EC-0ADE-42B4-AD84-E165F7A6A5BF}.Debug|x86.Build.0 = Debug|Any CPU
		{884664EC-0ADE-42B4-AD84-E165F7A6A5BF}.Release|Any CPU.ActiveCfg = Release|Any CPU
		{884664EC-0ADE-42B4-AD84-E165F7A6A5BF}.Release|Any CPU.Build.0 = Release|Any CPU
		{884664EC-0ADE-42B4-AD84-E165F7A6A5BF}.Release|ARM.ActiveCfg = Release|Any CPU
		{884664EC-0ADE-42B4-AD84-E165F7A6A5BF}.Release|ARM.Build.0 = Release|Any CPU
		{884664EC-0ADE-42B4-AD84-E165F7A6A5BF}.Release|ARM64.ActiveCfg = Release|Any CPU
		{884664EC-0ADE-42B4-AD84-E165F7A6A5BF}.Release|ARM64.Build.0 = Release|Any CPU
		{884664EC-0ADE-42B4-AD84-E165F7A6A5BF}.Release|x64.ActiveCfg = Release|Any CPU
		{884664EC-0ADE-42B4-AD84-E165F7A6A5BF}.Release|x64.Build.0 = Release|Any CPU
		{884664EC-0ADE-42B4-AD84-E165F7A6A5BF}.Release|x86.ActiveCfg = Release|Any CPU
		{884664EC-0ADE-42B4-AD84-E165F7A6A5BF}.Release|x86.Build.0 = Release|Any CPU
		{E716B623-F55A-4772-A425-39119D08AD11}.Debug|Any CPU.ActiveCfg = Debug|Any CPU
		{E716B623-F55A-4772-A425-39119D08AD11}.Debug|Any CPU.Build.0 = Debug|Any CPU
		{E716B623-F55A-4772-A425-39119D08AD11}.Debug|ARM.ActiveCfg = Debug|Any CPU
		{E716B623-F55A-4772-A425-39119D08AD11}.Debug|ARM.Build.0 = Debug|Any CPU
		{E716B623-F55A-4772-A425-39119D08AD11}.Debug|ARM64.ActiveCfg = Debug|Any CPU
		{E716B623-F55A-4772-A425-39119D08AD11}.Debug|ARM64.Build.0 = Debug|Any CPU
		{E716B623-F55A-4772-A425-39119D08AD11}.Debug|x64.ActiveCfg = Debug|Any CPU
		{E716B623-F55A-4772-A425-39119D08AD11}.Debug|x64.Build.0 = Debug|Any CPU
		{E716B623-F55A-4772-A425-39119D08AD11}.Debug|x86.ActiveCfg = Debug|Any CPU
		{E716B623-F55A-4772-A425-39119D08AD11}.Debug|x86.Build.0 = Debug|Any CPU
		{E716B623-F55A-4772-A425-39119D08AD11}.Release|Any CPU.ActiveCfg = Release|Any CPU
		{E716B623-F55A-4772-A425-39119D08AD11}.Release|Any CPU.Build.0 = Release|Any CPU
		{E716B623-F55A-4772-A425-39119D08AD11}.Release|ARM.ActiveCfg = Release|Any CPU
		{E716B623-F55A-4772-A425-39119D08AD11}.Release|ARM.Build.0 = Release|Any CPU
		{E716B623-F55A-4772-A425-39119D08AD11}.Release|ARM64.ActiveCfg = Release|Any CPU
		{E716B623-F55A-4772-A425-39119D08AD11}.Release|ARM64.Build.0 = Release|Any CPU
		{E716B623-F55A-4772-A425-39119D08AD11}.Release|x64.ActiveCfg = Release|Any CPU
		{E716B623-F55A-4772-A425-39119D08AD11}.Release|x64.Build.0 = Release|Any CPU
		{E716B623-F55A-4772-A425-39119D08AD11}.Release|x86.ActiveCfg = Release|Any CPU
		{E716B623-F55A-4772-A425-39119D08AD11}.Release|x86.Build.0 = Release|Any CPU
		{6714E001-87D6-4FA2-B3FC-1DCC9C106BBD}.Debug|Any CPU.ActiveCfg = Debug|Any CPU
		{6714E001-87D6-4FA2-B3FC-1DCC9C106BBD}.Debug|Any CPU.Build.0 = Debug|Any CPU
		{6714E001-87D6-4FA2-B3FC-1DCC9C106BBD}.Debug|ARM.ActiveCfg = Debug|Any CPU
		{6714E001-87D6-4FA2-B3FC-1DCC9C106BBD}.Debug|ARM.Build.0 = Debug|Any CPU
		{6714E001-87D6-4FA2-B3FC-1DCC9C106BBD}.Debug|ARM64.ActiveCfg = Debug|Any CPU
		{6714E001-87D6-4FA2-B3FC-1DCC9C106BBD}.Debug|ARM64.Build.0 = Debug|Any CPU
		{6714E001-87D6-4FA2-B3FC-1DCC9C106BBD}.Debug|x64.ActiveCfg = Debug|Any CPU
		{6714E001-87D6-4FA2-B3FC-1DCC9C106BBD}.Debug|x64.Build.0 = Debug|Any CPU
		{6714E001-87D6-4FA2-B3FC-1DCC9C106BBD}.Debug|x86.ActiveCfg = Debug|Any CPU
		{6714E001-87D6-4FA2-B3FC-1DCC9C106BBD}.Debug|x86.Build.0 = Debug|Any CPU
		{6714E001-87D6-4FA2-B3FC-1DCC9C106BBD}.Release|Any CPU.ActiveCfg = Release|Any CPU
		{6714E001-87D6-4FA2-B3FC-1DCC9C106BBD}.Release|Any CPU.Build.0 = Release|Any CPU
		{6714E001-87D6-4FA2-B3FC-1DCC9C106BBD}.Release|ARM.ActiveCfg = Release|Any CPU
		{6714E001-87D6-4FA2-B3FC-1DCC9C106BBD}.Release|ARM.Build.0 = Release|Any CPU
		{6714E001-87D6-4FA2-B3FC-1DCC9C106BBD}.Release|ARM64.ActiveCfg = Release|Any CPU
		{6714E001-87D6-4FA2-B3FC-1DCC9C106BBD}.Release|ARM64.Build.0 = Release|Any CPU
		{6714E001-87D6-4FA2-B3FC-1DCC9C106BBD}.Release|x64.ActiveCfg = Release|Any CPU
		{6714E001-87D6-4FA2-B3FC-1DCC9C106BBD}.Release|x64.Build.0 = Release|Any CPU
		{6714E001-87D6-4FA2-B3FC-1DCC9C106BBD}.Release|x86.ActiveCfg = Release|Any CPU
		{6714E001-87D6-4FA2-B3FC-1DCC9C106BBD}.Release|x86.Build.0 = Release|Any CPU
		{1DDFFF58-7079-43E3-8747-51F240CF1E54}.Debug|Any CPU.ActiveCfg = Debug|Any CPU
		{1DDFFF58-7079-43E3-8747-51F240CF1E54}.Debug|Any CPU.Build.0 = Debug|Any CPU
		{1DDFFF58-7079-43E3-8747-51F240CF1E54}.Debug|ARM.ActiveCfg = Debug|Any CPU
		{1DDFFF58-7079-43E3-8747-51F240CF1E54}.Debug|ARM.Build.0 = Debug|Any CPU
		{1DDFFF58-7079-43E3-8747-51F240CF1E54}.Debug|ARM64.ActiveCfg = Debug|Any CPU
		{1DDFFF58-7079-43E3-8747-51F240CF1E54}.Debug|ARM64.Build.0 = Debug|Any CPU
		{1DDFFF58-7079-43E3-8747-51F240CF1E54}.Debug|x64.ActiveCfg = Debug|Any CPU
		{1DDFFF58-7079-43E3-8747-51F240CF1E54}.Debug|x64.Build.0 = Debug|Any CPU
		{1DDFFF58-7079-43E3-8747-51F240CF1E54}.Debug|x86.ActiveCfg = Debug|Any CPU
		{1DDFFF58-7079-43E3-8747-51F240CF1E54}.Debug|x86.Build.0 = Debug|Any CPU
		{1DDFFF58-7079-43E3-8747-51F240CF1E54}.Release|Any CPU.ActiveCfg = Release|Any CPU
		{1DDFFF58-7079-43E3-8747-51F240CF1E54}.Release|Any CPU.Build.0 = Release|Any CPU
		{1DDFFF58-7079-43E3-8747-51F240CF1E54}.Release|ARM.ActiveCfg = Release|Any CPU
		{1DDFFF58-7079-43E3-8747-51F240CF1E54}.Release|ARM.Build.0 = Release|Any CPU
		{1DDFFF58-7079-43E3-8747-51F240CF1E54}.Release|ARM64.ActiveCfg = Release|Any CPU
		{1DDFFF58-7079-43E3-8747-51F240CF1E54}.Release|ARM64.Build.0 = Release|Any CPU
		{1DDFFF58-7079-43E3-8747-51F240CF1E54}.Release|x64.ActiveCfg = Release|Any CPU
		{1DDFFF58-7079-43E3-8747-51F240CF1E54}.Release|x64.Build.0 = Release|Any CPU
		{1DDFFF58-7079-43E3-8747-51F240CF1E54}.Release|x86.ActiveCfg = Release|Any CPU
		{1DDFFF58-7079-43E3-8747-51F240CF1E54}.Release|x86.Build.0 = Release|Any CPU
		{9BDF80E4-9B32-4441-92E6-ACFF3F276947}.Debug|Any CPU.ActiveCfg = Debug|Any CPU
		{9BDF80E4-9B32-4441-92E6-ACFF3F276947}.Debug|Any CPU.Build.0 = Debug|Any CPU
		{9BDF80E4-9B32-4441-92E6-ACFF3F276947}.Debug|ARM.ActiveCfg = Debug|Any CPU
		{9BDF80E4-9B32-4441-92E6-ACFF3F276947}.Debug|ARM.Build.0 = Debug|Any CPU
		{9BDF80E4-9B32-4441-92E6-ACFF3F276947}.Debug|ARM64.ActiveCfg = Debug|Any CPU
		{9BDF80E4-9B32-4441-92E6-ACFF3F276947}.Debug|ARM64.Build.0 = Debug|Any CPU
		{9BDF80E4-9B32-4441-92E6-ACFF3F276947}.Debug|x64.ActiveCfg = Debug|Any CPU
		{9BDF80E4-9B32-4441-92E6-ACFF3F276947}.Debug|x64.Build.0 = Debug|Any CPU
		{9BDF80E4-9B32-4441-92E6-ACFF3F276947}.Debug|x86.ActiveCfg = Debug|Any CPU
		{9BDF80E4-9B32-4441-92E6-ACFF3F276947}.Debug|x86.Build.0 = Debug|Any CPU
		{9BDF80E4-9B32-4441-92E6-ACFF3F276947}.Release|Any CPU.ActiveCfg = Release|Any CPU
		{9BDF80E4-9B32-4441-92E6-ACFF3F276947}.Release|Any CPU.Build.0 = Release|Any CPU
		{9BDF80E4-9B32-4441-92E6-ACFF3F276947}.Release|ARM.ActiveCfg = Release|Any CPU
		{9BDF80E4-9B32-4441-92E6-ACFF3F276947}.Release|ARM.Build.0 = Release|Any CPU
		{9BDF80E4-9B32-4441-92E6-ACFF3F276947}.Release|ARM64.ActiveCfg = Release|Any CPU
		{9BDF80E4-9B32-4441-92E6-ACFF3F276947}.Release|ARM64.Build.0 = Release|Any CPU
		{9BDF80E4-9B32-4441-92E6-ACFF3F276947}.Release|x64.ActiveCfg = Release|Any CPU
		{9BDF80E4-9B32-4441-92E6-ACFF3F276947}.Release|x64.Build.0 = Release|Any CPU
		{9BDF80E4-9B32-4441-92E6-ACFF3F276947}.Release|x86.ActiveCfg = Release|Any CPU
		{9BDF80E4-9B32-4441-92E6-ACFF3F276947}.Release|x86.Build.0 = Release|Any CPU
		{D6F5C32E-A514-4458-A843-994DFF2EE08C}.Debug|Any CPU.ActiveCfg = Debug|Any CPU
		{D6F5C32E-A514-4458-A843-994DFF2EE08C}.Debug|Any CPU.Build.0 = Debug|Any CPU
		{D6F5C32E-A514-4458-A843-994DFF2EE08C}.Debug|ARM.ActiveCfg = Debug|Any CPU
		{D6F5C32E-A514-4458-A843-994DFF2EE08C}.Debug|ARM.Build.0 = Debug|Any CPU
		{D6F5C32E-A514-4458-A843-994DFF2EE08C}.Debug|ARM64.ActiveCfg = Debug|Any CPU
		{D6F5C32E-A514-4458-A843-994DFF2EE08C}.Debug|ARM64.Build.0 = Debug|Any CPU
		{D6F5C32E-A514-4458-A843-994DFF2EE08C}.Debug|x64.ActiveCfg = Debug|Any CPU
		{D6F5C32E-A514-4458-A843-994DFF2EE08C}.Debug|x64.Build.0 = Debug|Any CPU
		{D6F5C32E-A514-4458-A843-994DFF2EE08C}.Debug|x86.ActiveCfg = Debug|Any CPU
		{D6F5C32E-A514-4458-A843-994DFF2EE08C}.Debug|x86.Build.0 = Debug|Any CPU
		{D6F5C32E-A514-4458-A843-994DFF2EE08C}.Release|Any CPU.ActiveCfg = Release|Any CPU
		{D6F5C32E-A514-4458-A843-994DFF2EE08C}.Release|Any CPU.Build.0 = Release|Any CPU
		{D6F5C32E-A514-4458-A843-994DFF2EE08C}.Release|ARM.ActiveCfg = Release|Any CPU
		{D6F5C32E-A514-4458-A843-994DFF2EE08C}.Release|ARM.Build.0 = Release|Any CPU
		{D6F5C32E-A514-4458-A843-994DFF2EE08C}.Release|ARM64.ActiveCfg = Release|Any CPU
		{D6F5C32E-A514-4458-A843-994DFF2EE08C}.Release|ARM64.Build.0 = Release|Any CPU
		{D6F5C32E-A514-4458-A843-994DFF2EE08C}.Release|x64.ActiveCfg = Release|Any CPU
		{D6F5C32E-A514-4458-A843-994DFF2EE08C}.Release|x64.Build.0 = Release|Any CPU
		{D6F5C32E-A514-4458-A843-994DFF2EE08C}.Release|x86.ActiveCfg = Release|Any CPU
		{D6F5C32E-A514-4458-A843-994DFF2EE08C}.Release|x86.Build.0 = Release|Any CPU
		{241E1025-C59D-4B11-8EAC-B0AD3C10BAAA}.Debug|Any CPU.ActiveCfg = Debug|Any CPU
		{241E1025-C59D-4B11-8EAC-B0AD3C10BAAA}.Debug|Any CPU.Build.0 = Debug|Any CPU
		{241E1025-C59D-4B11-8EAC-B0AD3C10BAAA}.Debug|ARM.ActiveCfg = Debug|Any CPU
		{241E1025-C59D-4B11-8EAC-B0AD3C10BAAA}.Debug|ARM.Build.0 = Debug|Any CPU
		{241E1025-C59D-4B11-8EAC-B0AD3C10BAAA}.Debug|ARM64.ActiveCfg = Debug|Any CPU
		{241E1025-C59D-4B11-8EAC-B0AD3C10BAAA}.Debug|ARM64.Build.0 = Debug|Any CPU
		{241E1025-C59D-4B11-8EAC-B0AD3C10BAAA}.Debug|x64.ActiveCfg = Debug|Any CPU
		{241E1025-C59D-4B11-8EAC-B0AD3C10BAAA}.Debug|x64.Build.0 = Debug|Any CPU
		{241E1025-C59D-4B11-8EAC-B0AD3C10BAAA}.Debug|x86.ActiveCfg = Debug|Any CPU
		{241E1025-C59D-4B11-8EAC-B0AD3C10BAAA}.Debug|x86.Build.0 = Debug|Any CPU
		{241E1025-C59D-4B11-8EAC-B0AD3C10BAAA}.Release|Any CPU.ActiveCfg = Release|Any CPU
		{241E1025-C59D-4B11-8EAC-B0AD3C10BAAA}.Release|Any CPU.Build.0 = Release|Any CPU
		{241E1025-C59D-4B11-8EAC-B0AD3C10BAAA}.Release|ARM.ActiveCfg = Release|Any CPU
		{241E1025-C59D-4B11-8EAC-B0AD3C10BAAA}.Release|ARM.Build.0 = Release|Any CPU
		{241E1025-C59D-4B11-8EAC-B0AD3C10BAAA}.Release|ARM64.ActiveCfg = Release|Any CPU
		{241E1025-C59D-4B11-8EAC-B0AD3C10BAAA}.Release|ARM64.Build.0 = Release|Any CPU
		{241E1025-C59D-4B11-8EAC-B0AD3C10BAAA}.Release|x64.ActiveCfg = Release|Any CPU
		{241E1025-C59D-4B11-8EAC-B0AD3C10BAAA}.Release|x64.Build.0 = Release|Any CPU
		{241E1025-C59D-4B11-8EAC-B0AD3C10BAAA}.Release|x86.ActiveCfg = Release|Any CPU
		{241E1025-C59D-4B11-8EAC-B0AD3C10BAAA}.Release|x86.Build.0 = Release|Any CPU
	EndGlobalSection
	GlobalSection(SolutionProperties) = preSolution
		HideSolutionNode = FALSE
	EndGlobalSection
	GlobalSection(ExtensibilityGlobals) = postSolution
		SolutionGuid = {DC55B7FC-E977-4859-A8AA-42AE30D4257A}
	EndGlobalSection
EndGlobal
